// !$*UTF8*$!
{
	archiveVersion = 1;
	classes = {
	};
	objectVersion = 56;
	objects = {

/* Begin PBXBuildFile section */
		BE69FC742AA47B6F00BA2D7B /* AppDelegate.swift in Sources */ = {isa = PBXBuildFile; fileRef = BE69FC732AA47B6F00BA2D7B /* AppDelegate.swift */; };
		BE69FC762AA47B6F00BA2D7B /* SceneDelegate.swift in Sources */ = {isa = PBXBuildFile; fileRef = BE69FC752AA47B6F00BA2D7B /* SceneDelegate.swift */; };
		BE69FC782AA47B6F00BA2D7B /* MainVC.swift in Sources */ = {isa = PBXBuildFile; fileRef = BE69FC772AA47B6F00BA2D7B /* MainVC.swift */; };
		BE69FC7D2AA47B7100BA2D7B /* Assets.xcassets in Resources */ = {isa = PBXBuildFile; fileRef = BE69FC7C2AA47B7100BA2D7B /* Assets.xcassets */; };
		BE69FC802AA47B7100BA2D7B /* LaunchScreen.storyboard in Resources */ = {isa = PBXBuildFile; fileRef = BE69FC7E2AA47B7100BA2D7B /* LaunchScreen.storyboard */; };
		BE69FC882AA47BDC00BA2D7B /* Preview.swift in Sources */ = {isa = PBXBuildFile; fileRef = BE69FC872AA47BDC00BA2D7B /* Preview.swift */; };
		BE69FC8A2AA47D6B00BA2D7B /* SearchResultVC.swift in Sources */ = {isa = PBXBuildFile; fileRef = BE69FC892AA47D6B00BA2D7B /* SearchResultVC.swift */; };
		BE69FC932AA4816000BA2D7B /* NetworkManager.swift in Sources */ = {isa = PBXBuildFile; fileRef = BE69FC922AA4816000BA2D7B /* NetworkManager.swift */; };
		BE69FC962AA4824A00BA2D7B /* Metro.swift in Sources */ = {isa = PBXBuildFile; fileRef = BE69FC952AA4824A00BA2D7B /* Metro.swift */; };
		BE69FC982AA48BC800BA2D7B /* ArrivalInfoTVCell.swift in Sources */ = {isa = PBXBuildFile; fileRef = BE69FC972AA48BC800BA2D7B /* ArrivalInfoTVCell.swift */; };
		BE69FC9A2AA48C0300BA2D7B /* UITableViewCell+.swift in Sources */ = {isa = PBXBuildFile; fileRef = BE69FC992AA48C0300BA2D7B /* UITableViewCell+.swift */; };
/* End PBXBuildFile section */

/* Begin PBXFileReference section */
		BE69FC702AA47B6F00BA2D7B /* APIServiceMVCKit.app */ = {isa = PBXFileReference; explicitFileType = wrapper.application; includeInIndex = 0; path = APIServiceMVCKit.app; sourceTree = BUILT_PRODUCTS_DIR; };
		BE69FC732AA47B6F00BA2D7B /* AppDelegate.swift */ = {isa = PBXFileReference; lastKnownFileType = sourcecode.swift; path = AppDelegate.swift; sourceTree = "<group>"; };
		BE69FC752AA47B6F00BA2D7B /* SceneDelegate.swift */ = {isa = PBXFileReference; lastKnownFileType = sourcecode.swift; path = SceneDelegate.swift; sourceTree = "<group>"; };
		BE69FC772AA47B6F00BA2D7B /* MainVC.swift */ = {isa = PBXFileReference; lastKnownFileType = sourcecode.swift; path = MainVC.swift; sourceTree = "<group>"; };
		BE69FC7C2AA47B7100BA2D7B /* Assets.xcassets */ = {isa = PBXFileReference; lastKnownFileType = folder.assetcatalog; path = Assets.xcassets; sourceTree = "<group>"; };
		BE69FC7F2AA47B7100BA2D7B /* Base */ = {isa = PBXFileReference; lastKnownFileType = file.storyboard; name = Base; path = Base.lproj/LaunchScreen.storyboard; sourceTree = "<group>"; };
		BE69FC812AA47B7100BA2D7B /* Info.plist */ = {isa = PBXFileReference; lastKnownFileType = text.plist.xml; path = Info.plist; sourceTree = "<group>"; };
		BE69FC872AA47BDC00BA2D7B /* Preview.swift */ = {isa = PBXFileReference; lastKnownFileType = sourcecode.swift; path = Preview.swift; sourceTree = "<group>"; };
		BE69FC892AA47D6B00BA2D7B /* SearchResultVC.swift */ = {isa = PBXFileReference; lastKnownFileType = sourcecode.swift; path = SearchResultVC.swift; sourceTree = "<group>"; };
		BE69FC922AA4816000BA2D7B /* NetworkManager.swift */ = {isa = PBXFileReference; lastKnownFileType = sourcecode.swift; path = NetworkManager.swift; sourceTree = "<group>"; };
		BE69FC952AA4824A00BA2D7B /* Metro.swift */ = {isa = PBXFileReference; lastKnownFileType = sourcecode.swift; path = Metro.swift; sourceTree = "<group>"; };
		BE69FC972AA48BC800BA2D7B /* ArrivalInfoTVCell.swift */ = {isa = PBXFileReference; lastKnownFileType = sourcecode.swift; path = ArrivalInfoTVCell.swift; sourceTree = "<group>"; };
		BE69FC992AA48C0300BA2D7B /* UITableViewCell+.swift */ = {isa = PBXFileReference; lastKnownFileType = sourcecode.swift; path = "UITableViewCell+.swift"; sourceTree = "<group>"; };
/* End PBXFileReference section */

/* Begin PBXFrameworksBuildPhase section */
		BE69FC6D2AA47B6F00BA2D7B /* Frameworks */ = {
			isa = PBXFrameworksBuildPhase;
			buildActionMask = 2147483647;
			files = (
			);
			runOnlyForDeploymentPostprocessing = 0;
		};
/* End PBXFrameworksBuildPhase section */

/* Begin PBXGroup section */
		BE69FC672AA47B6E00BA2D7B = {
			isa = PBXGroup;
			children = (
				BE69FC722AA47B6F00BA2D7B /* APIServiceMVCKit */,
				BE69FC712AA47B6F00BA2D7B /* Products */,
			);
			sourceTree = "<group>";
		};
		BE69FC712AA47B6F00BA2D7B /* Products */ = {
			isa = PBXGroup;
			children = (
				BE69FC702AA47B6F00BA2D7B /* APIServiceMVCKit.app */,
			);
			name = Products;
			sourceTree = "<group>";
		};
		BE69FC722AA47B6F00BA2D7B /* APIServiceMVCKit */ = {
			isa = PBXGroup;
			children = (
				BE69FC942AA4823D00BA2D7B /* Manager */,
				BE69FC902AA47FD600BA2D7B /* Model */,
				BE69FC912AA47FD900BA2D7B /* View */,
				BE69FC8F2AA47FC700BA2D7B /* Controller */,
				BE69FC8D2AA47FAE00BA2D7B /* App */,
				BE69FC8E2AA47FBE00BA2D7B /* Helper */,
				BE69FC8B2AA47F8E00BA2D7B /* Resource */,
				BE69FC8C2AA47F9D00BA2D7B /* Utility */,
			);
			path = APIServiceMVCKit;
			sourceTree = "<group>";
		};
		BE69FC8B2AA47F8E00BA2D7B /* Resource */ = {
			isa = PBXGroup;
			children = (
				BE69FC7C2AA47B7100BA2D7B /* Assets.xcassets */,
				BE69FC7E2AA47B7100BA2D7B /* LaunchScreen.storyboard */,
			);
			path = Resource;
			sourceTree = "<group>";
		};
		BE69FC8C2AA47F9D00BA2D7B /* Utility */ = {
			isa = PBXGroup;
			children = (
				BE69FC812AA47B7100BA2D7B /* Info.plist */,
			);
			path = Utility;
			sourceTree = "<group>";
		};
		BE69FC8D2AA47FAE00BA2D7B /* App */ = {
			isa = PBXGroup;
			children = (
				BE69FC732AA47B6F00BA2D7B /* AppDelegate.swift */,
				BE69FC752AA47B6F00BA2D7B /* SceneDelegate.swift */,
			);
			path = App;
			sourceTree = "<group>";
		};
		BE69FC8E2AA47FBE00BA2D7B /* Helper */ = {
			isa = PBXGroup;
			children = (
				BE69FC872AA47BDC00BA2D7B /* Preview.swift */,
				BE69FC992AA48C0300BA2D7B /* UITableViewCell+.swift */,
			);
			path = Helper;
			sourceTree = "<group>";
		};
		BE69FC8F2AA47FC700BA2D7B /* Controller */ = {
			isa = PBXGroup;
			children = (
				BE69FC772AA47B6F00BA2D7B /* MainVC.swift */,
				BE69FC892AA47D6B00BA2D7B /* SearchResultVC.swift */,
			);
			path = Controller;
			sourceTree = "<group>";
		};
		BE69FC902AA47FD600BA2D7B /* Model */ = {
			isa = PBXGroup;
			children = (
				BE69FC952AA4824A00BA2D7B /* Metro.swift */,
			);
			path = Model;
			sourceTree = "<group>";
		};
		BE69FC912AA47FD900BA2D7B /* View */ = {
			isa = PBXGroup;
			children = (
				BE69FC972AA48BC800BA2D7B /* ArrivalInfoTVCell.swift */,
			);
			path = View;
			sourceTree = "<group>";
		};
		BE69FC942AA4823D00BA2D7B /* Manager */ = {
			isa = PBXGroup;
			children = (
				BE69FC922AA4816000BA2D7B /* NetworkManager.swift */,
			);
			path = Manager;
			sourceTree = "<group>";
		};
/* End PBXGroup section */

/* Begin PBXNativeTarget section */
		BE69FC6F2AA47B6F00BA2D7B /* APIServiceMVCKit */ = {
			isa = PBXNativeTarget;
			buildConfigurationList = BE69FC842AA47B7100BA2D7B /* Build configuration list for PBXNativeTarget "APIServiceMVCKit" */;
			buildPhases = (
				BE69FC6C2AA47B6F00BA2D7B /* Sources */,
				BE69FC6D2AA47B6F00BA2D7B /* Frameworks */,
				BE69FC6E2AA47B6F00BA2D7B /* Resources */,
			);
			buildRules = (
			);
			dependencies = (
			);
			name = APIServiceMVCKit;
			productName = APIServiceMVCKit;
			productReference = BE69FC702AA47B6F00BA2D7B /* APIServiceMVCKit.app */;
			productType = "com.apple.product-type.application";
		};
/* End PBXNativeTarget section */

/* Begin PBXProject section */
		BE69FC682AA47B6E00BA2D7B /* Project object */ = {
			isa = PBXProject;
			attributes = {
				BuildIndependentTargetsInParallel = 1;
				LastSwiftUpdateCheck = 1430;
				LastUpgradeCheck = 1430;
				TargetAttributes = {
					BE69FC6F2AA47B6F00BA2D7B = {
						CreatedOnToolsVersion = 14.3.1;
					};
				};
			};
			buildConfigurationList = BE69FC6B2AA47B6E00BA2D7B /* Build configuration list for PBXProject "APIServiceMVCKit" */;
			compatibilityVersion = "Xcode 14.0";
			developmentRegion = en;
			hasScannedForEncodings = 0;
			knownRegions = (
				en,
				Base,
			);
			mainGroup = BE69FC672AA47B6E00BA2D7B;
			productRefGroup = BE69FC712AA47B6F00BA2D7B /* Products */;
			projectDirPath = "";
			projectRoot = "";
			targets = (
				BE69FC6F2AA47B6F00BA2D7B /* APIServiceMVCKit */,
			);
		};
/* End PBXProject section */

/* Begin PBXResourcesBuildPhase section */
		BE69FC6E2AA47B6F00BA2D7B /* Resources */ = {
			isa = PBXResourcesBuildPhase;
			buildActionMask = 2147483647;
			files = (
				BE69FC802AA47B7100BA2D7B /* LaunchScreen.storyboard in Resources */,
				BE69FC7D2AA47B7100BA2D7B /* Assets.xcassets in Resources */,
			);
			runOnlyForDeploymentPostprocessing = 0;
		};
/* End PBXResourcesBuildPhase section */

/* Begin PBXSourcesBuildPhase section */
		BE69FC6C2AA47B6F00BA2D7B /* Sources */ = {
			isa = PBXSourcesBuildPhase;
			buildActionMask = 2147483647;
			files = (
				BE69FC9A2AA48C0300BA2D7B /* UITableViewCell+.swift in Sources */,
				BE69FC932AA4816000BA2D7B /* NetworkManager.swift in Sources */,
				BE69FC982AA48BC800BA2D7B /* ArrivalInfoTVCell.swift in Sources */,
				BE69FC782AA47B6F00BA2D7B /* MainVC.swift in Sources */,
				BE69FC742AA47B6F00BA2D7B /* AppDelegate.swift in Sources */,
				BE69FC962AA4824A00BA2D7B /* Metro.swift in Sources */,
				BE69FC882AA47BDC00BA2D7B /* Preview.swift in Sources */,
				BE69FC762AA47B6F00BA2D7B /* SceneDelegate.swift in Sources */,
				BE69FC8A2AA47D6B00BA2D7B /* SearchResultVC.swift in Sources */,
			);
			runOnlyForDeploymentPostprocessing = 0;
		};
/* End PBXSourcesBuildPhase section */

/* Begin PBXVariantGroup section */
		BE69FC7E2AA47B7100BA2D7B /* LaunchScreen.storyboard */ = {
			isa = PBXVariantGroup;
			children = (
				BE69FC7F2AA47B7100BA2D7B /* Base */,
			);
			name = LaunchScreen.storyboard;
			sourceTree = "<group>";
		};
/* End PBXVariantGroup section */

/* Begin XCBuildConfiguration section */
		BE69FC822AA47B7100BA2D7B /* Debug */ = {
			isa = XCBuildConfiguration;
			buildSettings = {
				ALWAYS_SEARCH_USER_PATHS = NO;
				CLANG_ANALYZER_NONNULL = YES;
				CLANG_ANALYZER_NUMBER_OBJECT_CONVERSION = YES_AGGRESSIVE;
				CLANG_CXX_LANGUAGE_STANDARD = "gnu++20";
				CLANG_ENABLE_MODULES = YES;
				CLANG_ENABLE_OBJC_ARC = YES;
				CLANG_ENABLE_OBJC_WEAK = YES;
				CLANG_WARN_BLOCK_CAPTURE_AUTORELEASING = YES;
				CLANG_WARN_BOOL_CONVERSION = YES;
				CLANG_WARN_COMMA = YES;
				CLANG_WARN_CONSTANT_CONVERSION = YES;
				CLANG_WARN_DEPRECATED_OBJC_IMPLEMENTATIONS = YES;
				CLANG_WARN_DIRECT_OBJC_ISA_USAGE = YES_ERROR;
				CLANG_WARN_DOCUMENTATION_COMMENTS = YES;
				CLANG_WARN_EMPTY_BODY = YES;
				CLANG_WARN_ENUM_CONVERSION = YES;
				CLANG_WARN_INFINITE_RECURSION = YES;
				CLANG_WARN_INT_CONVERSION = YES;
				CLANG_WARN_NON_LITERAL_NULL_CONVERSION = YES;
				CLANG_WARN_OBJC_IMPLICIT_RETAIN_SELF = YES;
				CLANG_WARN_OBJC_LITERAL_CONVERSION = YES;
				CLANG_WARN_OBJC_ROOT_CLASS = YES_ERROR;
				CLANG_WARN_QUOTED_INCLUDE_IN_FRAMEWORK_HEADER = YES;
				CLANG_WARN_RANGE_LOOP_ANALYSIS = YES;
				CLANG_WARN_STRICT_PROTOTYPES = YES;
				CLANG_WARN_SUSPICIOUS_MOVE = YES;
				CLANG_WARN_UNGUARDED_AVAILABILITY = YES_AGGRESSIVE;
				CLANG_WARN_UNREACHABLE_CODE = YES;
				CLANG_WARN__DUPLICATE_METHOD_MATCH = YES;
				COPY_PHASE_STRIP = NO;
				DEBUG_INFORMATION_FORMAT = dwarf;
				ENABLE_STRICT_OBJC_MSGSEND = YES;
				ENABLE_TESTABILITY = YES;
				GCC_C_LANGUAGE_STANDARD = gnu11;
				GCC_DYNAMIC_NO_PIC = NO;
				GCC_NO_COMMON_BLOCKS = YES;
				GCC_OPTIMIZATION_LEVEL = 0;
				GCC_PREPROCESSOR_DEFINITIONS = (
					"DEBUG=1",
					"$(inherited)",
				);
				GCC_WARN_64_TO_32_BIT_CONVERSION = YES;
				GCC_WARN_ABOUT_RETURN_TYPE = YES_ERROR;
				GCC_WARN_UNDECLARED_SELECTOR = YES;
				GCC_WARN_UNINITIALIZED_AUTOS = YES_AGGRESSIVE;
				GCC_WARN_UNUSED_FUNCTION = YES;
				GCC_WARN_UNUSED_VARIABLE = YES;
				IPHONEOS_DEPLOYMENT_TARGET = 16.4;
				MTL_ENABLE_DEBUG_INFO = INCLUDE_SOURCE;
				MTL_FAST_MATH = YES;
				ONLY_ACTIVE_ARCH = YES;
				SDKROOT = iphoneos;
				SWIFT_ACTIVE_COMPILATION_CONDITIONS = DEBUG;
				SWIFT_OPTIMIZATION_LEVEL = "-Onone";
			};
			name = Debug;
		};
		BE69FC832AA47B7100BA2D7B /* Release */ = {
			isa = XCBuildConfiguration;
			buildSettings = {
				ALWAYS_SEARCH_USER_PATHS = NO;
				CLANG_ANALYZER_NONNULL = YES;
				CLANG_ANALYZER_NUMBER_OBJECT_CONVERSION = YES_AGGRESSIVE;
				CLANG_CXX_LANGUAGE_STANDARD = "gnu++20";
				CLANG_ENABLE_MODULES = YES;
				CLANG_ENABLE_OBJC_ARC = YES;
				CLANG_ENABLE_OBJC_WEAK = YES;
				CLANG_WARN_BLOCK_CAPTURE_AUTORELEASING = YES;
				CLANG_WARN_BOOL_CONVERSION = YES;
				CLANG_WARN_COMMA = YES;
				CLANG_WARN_CONSTANT_CONVERSION = YES;
				CLANG_WARN_DEPRECATED_OBJC_IMPLEMENTATIONS = YES;
				CLANG_WARN_DIRECT_OBJC_ISA_USAGE = YES_ERROR;
				CLANG_WARN_DOCUMENTATION_COMMENTS = YES;
				CLANG_WARN_EMPTY_BODY = YES;
				CLANG_WARN_ENUM_CONVERSION = YES;
				CLANG_WARN_INFINITE_RECURSION = YES;
				CLANG_WARN_INT_CONVERSION = YES;
				CLANG_WARN_NON_LITERAL_NULL_CONVERSION = YES;
				CLANG_WARN_OBJC_IMPLICIT_RETAIN_SELF = YES;
				CLANG_WARN_OBJC_LITERAL_CONVERSION = YES;
				CLANG_WARN_OBJC_ROOT_CLASS = YES_ERROR;
				CLANG_WARN_QUOTED_INCLUDE_IN_FRAMEWORK_HEADER = YES;
				CLANG_WARN_RANGE_LOOP_ANALYSIS = YES;
				CLANG_WARN_STRICT_PROTOTYPES = YES;
				CLANG_WARN_SUSPICIOUS_MOVE = YES;
				CLANG_WARN_UNGUARDED_AVAILABILITY = YES_AGGRESSIVE;
				CLANG_WARN_UNREACHABLE_CODE = YES;
				CLANG_WARN__DUPLICATE_METHOD_MATCH = YES;
				COPY_PHASE_STRIP = NO;
				DEBUG_INFORMATION_FORMAT = "dwarf-with-dsym";
				ENABLE_NS_ASSERTIONS = NO;
				ENABLE_STRICT_OBJC_MSGSEND = YES;
				GCC_C_LANGUAGE_STANDARD = gnu11;
				GCC_NO_COMMON_BLOCKS = YES;
				GCC_WARN_64_TO_32_BIT_CONVERSION = YES;
				GCC_WARN_ABOUT_RETURN_TYPE = YES_ERROR;
				GCC_WARN_UNDECLARED_SELECTOR = YES;
				GCC_WARN_UNINITIALIZED_AUTOS = YES_AGGRESSIVE;
				GCC_WARN_UNUSED_FUNCTION = YES;
				GCC_WARN_UNUSED_VARIABLE = YES;
				IPHONEOS_DEPLOYMENT_TARGET = 16.4;
				MTL_ENABLE_DEBUG_INFO = NO;
				MTL_FAST_MATH = YES;
				SDKROOT = iphoneos;
				SWIFT_COMPILATION_MODE = wholemodule;
				SWIFT_OPTIMIZATION_LEVEL = "-O";
				VALIDATE_PRODUCT = YES;
			};
			name = Release;
		};
		BE69FC852AA47B7100BA2D7B /* Debug */ = {
			isa = XCBuildConfiguration;
			buildSettings = {
				ASSETCATALOG_COMPILER_APPICON_NAME = AppIcon;
				ASSETCATALOG_COMPILER_GLOBAL_ACCENT_COLOR_NAME = AccentColor;
				CODE_SIGN_STYLE = Automatic;
				CURRENT_PROJECT_VERSION = 1;
				DEVELOPMENT_TEAM = ASU4PNB5MG;
				GENERATE_INFOPLIST_FILE = YES;
				INFOPLIST_FILE = APIServiceMVCKit/Utility/Info.plist;
				INFOPLIST_KEY_UIApplicationSupportsIndirectInputEvents = YES;
				INFOPLIST_KEY_UILaunchStoryboardName = LaunchScreen;
				INFOPLIST_KEY_UISupportedInterfaceOrientations_iPad = "UIInterfaceOrientationPortrait UIInterfaceOrientationPortraitUpsideDown UIInterfaceOrientationLandscapeLeft UIInterfaceOrientationLandscapeRight";
				INFOPLIST_KEY_UISupportedInterfaceOrientations_iPhone = "UIInterfaceOrientationPortrait UIInterfaceOrientationLandscapeLeft UIInterfaceOrientationLandscapeRight";
				LD_RUNPATH_SEARCH_PATHS = (
					"$(inherited)",
					"@executable_path/Frameworks",
				);
				MARKETING_VERSION = 1.0;
				PRODUCT_BUNDLE_IDENTIFIER = com.frequence.APIServiceMVCKit;
				PRODUCT_NAME = "$(TARGET_NAME)";
				SWIFT_EMIT_LOC_STRINGS = YES;
				SWIFT_VERSION = 5.0;
				TARGETED_DEVICE_FAMILY = "1,2";
			};
			name = Debug;
		};
		BE69FC862AA47B7100BA2D7B /* Release */ = {
			isa = XCBuildConfiguration;
			buildSettings = {
				ASSETCATALOG_COMPILER_APPICON_NAME = AppIcon;
				ASSETCATALOG_COMPILER_GLOBAL_ACCENT_COLOR_NAME = AccentColor;
				CODE_SIGN_STYLE = Automatic;
				CURRENT_PROJECT_VERSION = 1;
				DEVELOPMENT_TEAM = ASU4PNB5MG;
				GENERATE_INFOPLIST_FILE = YES;
				INFOPLIST_FILE = APIServiceMVCKit/Utility/Info.plist;
				INFOPLIST_KEY_UIApplicationSupportsIndirectInputEvents = YES;
				INFOPLIST_KEY_UILaunchStoryboardName = LaunchScreen;
				INFOPLIST_KEY_UISupportedInterfaceOrientations_iPad = "UIInterfaceOrientationPortrait UIInterfaceOrientationPortraitUpsideDown UIInterfaceOrientationLandscapeLeft UIInterfaceOrientationLandscapeRight";
				INFOPLIST_KEY_UISupportedInterfaceOrientations_iPhone = "UIInterfaceOrientationPortrait UIInterfaceOrientationLandscapeLeft UIInterfaceOrientationLandscapeRight";
				LD_RUNPATH_SEARCH_PATHS = (
					"$(inherited)",
					"@executable_path/Frameworks",
				);
				MARKETING_VERSION = 1.0;
				PRODUCT_BUNDLE_IDENTIFIER = com.frequence.APIServiceMVCKit;
				PRODUCT_NAME = "$(TARGET_NAME)";
				SWIFT_EMIT_LOC_STRINGS = YES;
				SWIFT_VERSION = 5.0;
				TARGETED_DEVICE_FAMILY = "1,2";
			};
			name = Release;
		};
/* End XCBuildConfiguration section */

/* Begin XCConfigurationList section */
		BE69FC6B2AA47B6E00BA2D7B /* Build configuration list for PBXProject "APIServiceMVCKit" */ = {
			isa = XCConfigurationList;
			buildConfigurations = (
				BE69FC822AA47B7100BA2D7B /* Debug */,
				BE69FC832AA47B7100BA2D7B /* Release */,
			);
			defaultConfigurationIsVisible = 0;
			defaultConfigurationName = Release;
		};
		BE69FC842AA47B7100BA2D7B /* Build configuration list for PBXNativeTarget "APIServiceMVCKit" */ = {
			isa = XCConfigurationList;
			buildConfigurations = (
				BE69FC852AA47B7100BA2D7B /* Debug */,
				BE69FC862AA47B7100BA2D7B /* Release */,
			);
			defaultConfigurationIsVisible = 0;
			defaultConfigurationName = Release;
		};
/* End XCConfigurationList section */
	};
	rootObject = BE69FC682AA47B6E00BA2D7B /* Project object */;
}
