// !$*UTF8*$!
{
	archiveVersion = 1;
	classes = {
	};
	objectVersion = 56;
	objects = {

/* Begin PBXBuildFile section */
		8E0D20442AD038590065B774 /* AppDelegate.swift in Sources */ = {isa = PBXBuildFile; fileRef = 8E0D20432AD038590065B774 /* AppDelegate.swift */; };
		8E0D20462AD038590065B774 /* SceneDelegate.swift in Sources */ = {isa = PBXBuildFile; fileRef = 8E0D20452AD038590065B774 /* SceneDelegate.swift */; };
		8E0D20482AD038590065B774 /* ViewController.swift in Sources */ = {isa = PBXBuildFile; fileRef = 8E0D20472AD038590065B774 /* ViewController.swift */; };
		8E0D204D2AD0385A0065B774 /* Assets.xcassets in Resources */ = {isa = PBXBuildFile; fileRef = 8E0D204C2AD0385A0065B774 /* Assets.xcassets */; };
		8E0D20502AD0385A0065B774 /* LaunchScreen.storyboard in Resources */ = {isa = PBXBuildFile; fileRef = 8E0D204E2AD0385A0065B774 /* LaunchScreen.storyboard */; };
		8E0D20582AD0392A0065B774 /* NetworkManager.swift in Sources */ = {isa = PBXBuildFile; fileRef = 8E0D20572AD0392A0065B774 /* NetworkManager.swift */; };
		8E0D20652AD03E070065B774 /* ImageCVCell.swift in Sources */ = {isa = PBXBuildFile; fileRef = 8E0D20642AD03E070065B774 /* ImageCVCell.swift */; };
		8E0D20682AD03E460065B774 /* UICollectionReusableView+.swift in Sources */ = {isa = PBXBuildFile; fileRef = 8E0D20672AD03E460065B774 /* UICollectionReusableView+.swift */; };
		8E0D206A2AD03F740065B774 /* MyModel.swift in Sources */ = {isa = PBXBuildFile; fileRef = 8E0D20692AD03F740065B774 /* MyModel.swift */; };
		8E0D206D2AD047BA0065B774 /* Preview.swift in Sources */ = {isa = PBXBuildFile; fileRef = 8E0D206C2AD047BA0065B774 /* Preview.swift */; };
		8E0D20702AD04DAF0065B774 /* Sequence+.swift in Sources */ = {isa = PBXBuildFile; fileRef = 8E0D206F2AD04DAF0065B774 /* Sequence+.swift */; };
/* End PBXBuildFile section */

/* Begin PBXFileReference section */
		8E0D20402AD038590065B774 /* URLImageKit.app */ = {isa = PBXFileReference; explicitFileType = wrapper.application; includeInIndex = 0; path = URLImageKit.app; sourceTree = BUILT_PRODUCTS_DIR; };
		8E0D20432AD038590065B774 /* AppDelegate.swift */ = {isa = PBXFileReference; lastKnownFileType = sourcecode.swift; path = AppDelegate.swift; sourceTree = "<group>"; };
		8E0D20452AD038590065B774 /* SceneDelegate.swift */ = {isa = PBXFileReference; lastKnownFileType = sourcecode.swift; path = SceneDelegate.swift; sourceTree = "<group>"; };
		8E0D20472AD038590065B774 /* ViewController.swift */ = {isa = PBXFileReference; lastKnownFileType = sourcecode.swift; path = ViewController.swift; sourceTree = "<group>"; };
		8E0D204C2AD0385A0065B774 /* Assets.xcassets */ = {isa = PBXFileReference; lastKnownFileType = folder.assetcatalog; path = Assets.xcassets; sourceTree = "<group>"; };
		8E0D204F2AD0385A0065B774 /* Base */ = {isa = PBXFileReference; lastKnownFileType = file.storyboard; name = Base; path = Base.lproj/LaunchScreen.storyboard; sourceTree = "<group>"; };
		8E0D20512AD0385A0065B774 /* Info.plist */ = {isa = PBXFileReference; lastKnownFileType = text.plist.xml; path = Info.plist; sourceTree = "<group>"; };
		8E0D20572AD0392A0065B774 /* NetworkManager.swift */ = {isa = PBXFileReference; lastKnownFileType = sourcecode.swift; path = NetworkManager.swift; sourceTree = "<group>"; };
		8E0D20642AD03E070065B774 /* ImageCVCell.swift */ = {isa = PBXFileReference; lastKnownFileType = sourcecode.swift; path = ImageCVCell.swift; sourceTree = "<group>"; };
		8E0D20672AD03E460065B774 /* UICollectionReusableView+.swift */ = {isa = PBXFileReference; lastKnownFileType = sourcecode.swift; path = "UICollectionReusableView+.swift"; sourceTree = "<group>"; };
		8E0D20692AD03F740065B774 /* MyModel.swift */ = {isa = PBXFileReference; lastKnownFileType = sourcecode.swift; path = MyModel.swift; sourceTree = "<group>"; };
		8E0D206C2AD047BA0065B774 /* Preview.swift */ = {isa = PBXFileReference; lastKnownFileType = sourcecode.swift; path = Preview.swift; sourceTree = "<group>"; };
		8E0D206F2AD04DAF0065B774 /* Sequence+.swift */ = {isa = PBXFileReference; lastKnownFileType = sourcecode.swift; path = "Sequence+.swift"; sourceTree = "<group>"; };
/* End PBXFileReference section */

/* Begin PBXFrameworksBuildPhase section */
		8E0D203D2AD038590065B774 /* Frameworks */ = {
			isa = PBXFrameworksBuildPhase;
			buildActionMask = 2147483647;
			files = (
			);
			runOnlyForDeploymentPostprocessing = 0;
		};
/* End PBXFrameworksBuildPhase section */

/* Begin PBXGroup section */
		8E0D20372AD038590065B774 = {
			isa = PBXGroup;
			children = (
				8E0D20422AD038590065B774 /* URLImageKit */,
				8E0D20412AD038590065B774 /* Products */,
			);
			sourceTree = "<group>";
		};
		8E0D20412AD038590065B774 /* Products */ = {
			isa = PBXGroup;
			children = (
				8E0D20402AD038590065B774 /* URLImageKit.app */,
			);
			name = Products;
			sourceTree = "<group>";
		};
		8E0D20422AD038590065B774 /* URLImageKit */ = {
			isa = PBXGroup;
			children = (
				8E0D206E2AD04BA50065B774 /* Sources */,
				8E0D205B2AD03B640065B774 /* Resources */,
			);
			path = URLImageKit;
			sourceTree = "<group>";
		};
		8E0D20592AD03A880065B774 /* App */ = {
			isa = PBXGroup;
			children = (
				8E0D20432AD038590065B774 /* AppDelegate.swift */,
				8E0D20452AD038590065B774 /* SceneDelegate.swift */,
			);
			path = App;
			sourceTree = "<group>";
		};
		8E0D205B2AD03B640065B774 /* Resources */ = {
			isa = PBXGroup;
			children = (
				8E0D20512AD0385A0065B774 /* Info.plist */,
				8E0D204C2AD0385A0065B774 /* Assets.xcassets */,
				8E0D204E2AD0385A0065B774 /* LaunchScreen.storyboard */,
			);
			path = Resources;
			sourceTree = "<group>";
		};
		8E0D20602AD03DB80065B774 /* Controller */ = {
			isa = PBXGroup;
			children = (
				8E0D20472AD038590065B774 /* ViewController.swift */,
			);
			path = Controller;
			sourceTree = "<group>";
		};
		8E0D20612AD03DBE0065B774 /* View */ = {
			isa = PBXGroup;
			children = (
				8E0D20642AD03E070065B774 /* ImageCVCell.swift */,
			);
			path = View;
			sourceTree = "<group>";
		};
		8E0D20622AD03DCF0065B774 /* Manager */ = {
			isa = PBXGroup;
			children = (
				8E0D20572AD0392A0065B774 /* NetworkManager.swift */,
			);
			path = Manager;
			sourceTree = "<group>";
		};
		8E0D20632AD03DDE0065B774 /* Model */ = {
			isa = PBXGroup;
			children = (
				8E0D20692AD03F740065B774 /* MyModel.swift */,
			);
			path = Model;
			sourceTree = "<group>";
		};
		8E0D20662AD03E170065B774 /* Extension */ = {
			isa = PBXGroup;
			children = (
				8E0D20672AD03E460065B774 /* UICollectionReusableView+.swift */,
				8E0D206F2AD04DAF0065B774 /* Sequence+.swift */,
			);
			path = Extension;
			sourceTree = "<group>";
		};
		8E0D206B2AD0478E0065B774 /* Helper */ = {
			isa = PBXGroup;
			children = (
				8E0D206C2AD047BA0065B774 /* Preview.swift */,
			);
			path = Helper;
			sourceTree = "<group>";
		};
		8E0D206E2AD04BA50065B774 /* Sources */ = {
			isa = PBXGroup;
			children = (
				8E0D20592AD03A880065B774 /* App */,
				8E0D20632AD03DDE0065B774 /* Model */,
				8E0D20612AD03DBE0065B774 /* View */,
				8E0D20602AD03DB80065B774 /* Controller */,
				8E0D20622AD03DCF0065B774 /* Manager */,
				8E0D20662AD03E170065B774 /* Extension */,
				8E0D206B2AD0478E0065B774 /* Helper */,
			);
			path = Sources;
			sourceTree = "<group>";
		};
/* End PBXGroup section */

/* Begin PBXNativeTarget section */
		8E0D203F2AD038590065B774 /* URLImageKit */ = {
			isa = PBXNativeTarget;
			buildConfigurationList = 8E0D20542AD0385A0065B774 /* Build configuration list for PBXNativeTarget "URLImageKit" */;
			buildPhases = (
				8E0D203C2AD038590065B774 /* Sources */,
				8E0D203D2AD038590065B774 /* Frameworks */,
				8E0D203E2AD038590065B774 /* Resources */,
			);
			buildRules = (
			);
			dependencies = (
			);
			name = URLImageKit;
			productName = URLImageKit;
			productReference = 8E0D20402AD038590065B774 /* URLImageKit.app */;
			productType = "com.apple.product-type.application";
		};
/* End PBXNativeTarget section */

/* Begin PBXProject section */
		8E0D20382AD038590065B774 /* Project object */ = {
			isa = PBXProject;
			attributes = {
				BuildIndependentTargetsInParallel = 1;
				LastSwiftUpdateCheck = 1430;
				LastUpgradeCheck = 1430;
				TargetAttributes = {
					8E0D203F2AD038590065B774 = {
						CreatedOnToolsVersion = 14.3.1;
					};
				};
			};
			buildConfigurationList = 8E0D203B2AD038590065B774 /* Build configuration list for PBXProject "URLImageKit" */;
			compatibilityVersion = "Xcode 14.0";
			developmentRegion = en;
			hasScannedForEncodings = 0;
			knownRegions = (
				en,
				Base,
			);
			mainGroup = 8E0D20372AD038590065B774;
			productRefGroup = 8E0D20412AD038590065B774 /* Products */;
			projectDirPath = "";
			projectRoot = "";
			targets = (
				8E0D203F2AD038590065B774 /* URLImageKit */,
			);
		};
/* End PBXProject section */

/* Begin PBXResourcesBuildPhase section */
		8E0D203E2AD038590065B774 /* Resources */ = {
			isa = PBXResourcesBuildPhase;
			buildActionMask = 2147483647;
			files = (
				8E0D20502AD0385A0065B774 /* LaunchScreen.storyboard in Resources */,
				8E0D204D2AD0385A0065B774 /* Assets.xcassets in Resources */,
			);
			runOnlyForDeploymentPostprocessing = 0;
		};
/* End PBXResourcesBuildPhase section */

/* Begin PBXSourcesBuildPhase section */
		8E0D203C2AD038590065B774 /* Sources */ = {
			isa = PBXSourcesBuildPhase;
			buildActionMask = 2147483647;
			files = (
				8E0D20652AD03E070065B774 /* ImageCVCell.swift in Sources */,
				8E0D206A2AD03F740065B774 /* MyModel.swift in Sources */,
				8E0D206D2AD047BA0065B774 /* Preview.swift in Sources */,
				8E0D20682AD03E460065B774 /* UICollectionReusableView+.swift in Sources */,
				8E0D20582AD0392A0065B774 /* NetworkManager.swift in Sources */,
				8E0D20482AD038590065B774 /* ViewController.swift in Sources */,
				8E0D20702AD04DAF0065B774 /* Sequence+.swift in Sources */,
				8E0D20442AD038590065B774 /* AppDelegate.swift in Sources */,
				8E0D20462AD038590065B774 /* SceneDelegate.swift in Sources */,
			);
			runOnlyForDeploymentPostprocessing = 0;
		};
/* End PBXSourcesBuildPhase section */

/* Begin PBXVariantGroup section */
		8E0D204E2AD0385A0065B774 /* LaunchScreen.storyboard */ = {
			isa = PBXVariantGroup;
			children = (
				8E0D204F2AD0385A0065B774 /* Base */,
			);
			name = LaunchScreen.storyboard;
			sourceTree = "<group>";
		};
/* End PBXVariantGroup section */

/* Begin XCBuildConfiguration section */
		8E0D20522AD0385A0065B774 /* Debug */ = {
			isa = XCBuildConfiguration;
			buildSettings = {
				ALWAYS_SEARCH_USER_PATHS = NO;
				CLANG_ANALYZER_NONNULL = YES;
				CLANG_ANALYZER_NUMBER_OBJECT_CONVERSION = YES_AGGRESSIVE;
				CLANG_CXX_LANGUAGE_STANDARD = "gnu++20";
				CLANG_ENABLE_MODULES = YES;
				CLANG_ENABLE_OBJC_ARC = YES;
				CLANG_ENABLE_OBJC_WEAK = YES;
				CLANG_WARN_BLOCK_CAPTURE_AUTORELEASING = YES;
				CLANG_WARN_BOOL_CONVERSION = YES;
				CLANG_WARN_COMMA = YES;
				CLANG_WARN_CONSTANT_CONVERSION = YES;
				CLANG_WARN_DEPRECATED_OBJC_IMPLEMENTATIONS = YES;
				CLANG_WARN_DIRECT_OBJC_ISA_USAGE = YES_ERROR;
				CLANG_WARN_DOCUMENTATION_COMMENTS = YES;
				CLANG_WARN_EMPTY_BODY = YES;
				CLANG_WARN_ENUM_CONVERSION = YES;
				CLANG_WARN_INFINITE_RECURSION = YES;
				CLANG_WARN_INT_CONVERSION = YES;
				CLANG_WARN_NON_LITERAL_NULL_CONVERSION = YES;
				CLANG_WARN_OBJC_IMPLICIT_RETAIN_SELF = YES;
				CLANG_WARN_OBJC_LITERAL_CONVERSION = YES;
				CLANG_WARN_OBJC_ROOT_CLASS = YES_ERROR;
				CLANG_WARN_QUOTED_INCLUDE_IN_FRAMEWORK_HEADER = YES;
				CLANG_WARN_RANGE_LOOP_ANALYSIS = YES;
				CLANG_WARN_STRICT_PROTOTYPES = YES;
				CLANG_WARN_SUSPICIOUS_MOVE = YES;
				CLANG_WARN_UNGUARDED_AVAILABILITY = YES_AGGRESSIVE;
				CLANG_WARN_UNREACHABLE_CODE = YES;
				CLANG_WARN__DUPLICATE_METHOD_MATCH = YES;
				COPY_PHASE_STRIP = NO;
				DEBUG_INFORMATION_FORMAT = dwarf;
				ENABLE_STRICT_OBJC_MSGSEND = YES;
				ENABLE_TESTABILITY = YES;
				GCC_C_LANGUAGE_STANDARD = gnu11;
				GCC_DYNAMIC_NO_PIC = NO;
				GCC_NO_COMMON_BLOCKS = YES;
				GCC_OPTIMIZATION_LEVEL = 0;
				GCC_PREPROCESSOR_DEFINITIONS = (
					"DEBUG=1",
					"$(inherited)",
				);
				GCC_WARN_64_TO_32_BIT_CONVERSION = YES;
				GCC_WARN_ABOUT_RETURN_TYPE = YES_ERROR;
				GCC_WARN_UNDECLARED_SELECTOR = YES;
				GCC_WARN_UNINITIALIZED_AUTOS = YES_AGGRESSIVE;
				GCC_WARN_UNUSED_FUNCTION = YES;
				GCC_WARN_UNUSED_VARIABLE = YES;
				IPHONEOS_DEPLOYMENT_TARGET = 16.4;
				MTL_ENABLE_DEBUG_INFO = INCLUDE_SOURCE;
				MTL_FAST_MATH = YES;
				ONLY_ACTIVE_ARCH = YES;
				SDKROOT = iphoneos;
				SWIFT_ACTIVE_COMPILATION_CONDITIONS = DEBUG;
				SWIFT_OPTIMIZATION_LEVEL = "-Onone";
			};
			name = Debug;
		};
		8E0D20532AD0385A0065B774 /* Release */ = {
			isa = XCBuildConfiguration;
			buildSettings = {
				ALWAYS_SEARCH_USER_PATHS = NO;
				CLANG_ANALYZER_NONNULL = YES;
				CLANG_ANALYZER_NUMBER_OBJECT_CONVERSION = YES_AGGRESSIVE;
				CLANG_CXX_LANGUAGE_STANDARD = "gnu++20";
				CLANG_ENABLE_MODULES = YES;
				CLANG_ENABLE_OBJC_ARC = YES;
				CLANG_ENABLE_OBJC_WEAK = YES;
				CLANG_WARN_BLOCK_CAPTURE_AUTORELEASING = YES;
				CLANG_WARN_BOOL_CONVERSION = YES;
				CLANG_WARN_COMMA = YES;
				CLANG_WARN_CONSTANT_CONVERSION = YES;
				CLANG_WARN_DEPRECATED_OBJC_IMPLEMENTATIONS = YES;
				CLANG_WARN_DIRECT_OBJC_ISA_USAGE = YES_ERROR;
				CLANG_WARN_DOCUMENTATION_COMMENTS = YES;
				CLANG_WARN_EMPTY_BODY = YES;
				CLANG_WARN_ENUM_CONVERSION = YES;
				CLANG_WARN_INFINITE_RECURSION = YES;
				CLANG_WARN_INT_CONVERSION = YES;
				CLANG_WARN_NON_LITERAL_NULL_CONVERSION = YES;
				CLANG_WARN_OBJC_IMPLICIT_RETAIN_SELF = YES;
				CLANG_WARN_OBJC_LITERAL_CONVERSION = YES;
				CLANG_WARN_OBJC_ROOT_CLASS = YES_ERROR;
				CLANG_WARN_QUOTED_INCLUDE_IN_FRAMEWORK_HEADER = YES;
				CLANG_WARN_RANGE_LOOP_ANALYSIS = YES;
				CLANG_WARN_STRICT_PROTOTYPES = YES;
				CLANG_WARN_SUSPICIOUS_MOVE = YES;
				CLANG_WARN_UNGUARDED_AVAILABILITY = YES_AGGRESSIVE;
				CLANG_WARN_UNREACHABLE_CODE = YES;
				CLANG_WARN__DUPLICATE_METHOD_MATCH = YES;
				COPY_PHASE_STRIP = NO;
				DEBUG_INFORMATION_FORMAT = "dwarf-with-dsym";
				ENABLE_NS_ASSERTIONS = NO;
				ENABLE_STRICT_OBJC_MSGSEND = YES;
				GCC_C_LANGUAGE_STANDARD = gnu11;
				GCC_NO_COMMON_BLOCKS = YES;
				GCC_WARN_64_TO_32_BIT_CONVERSION = YES;
				GCC_WARN_ABOUT_RETURN_TYPE = YES_ERROR;
				GCC_WARN_UNDECLARED_SELECTOR = YES;
				GCC_WARN_UNINITIALIZED_AUTOS = YES_AGGRESSIVE;
				GCC_WARN_UNUSED_FUNCTION = YES;
				GCC_WARN_UNUSED_VARIABLE = YES;
				IPHONEOS_DEPLOYMENT_TARGET = 16.4;
				MTL_ENABLE_DEBUG_INFO = NO;
				MTL_FAST_MATH = YES;
				SDKROOT = iphoneos;
				SWIFT_COMPILATION_MODE = wholemodule;
				SWIFT_OPTIMIZATION_LEVEL = "-O";
				VALIDATE_PRODUCT = YES;
			};
			name = Release;
		};
		8E0D20552AD0385A0065B774 /* Debug */ = {
			isa = XCBuildConfiguration;
			buildSettings = {
				ASSETCATALOG_COMPILER_APPICON_NAME = AppIcon;
				ASSETCATALOG_COMPILER_GLOBAL_ACCENT_COLOR_NAME = AccentColor;
				CODE_SIGN_STYLE = Automatic;
				CURRENT_PROJECT_VERSION = 1;
				DEVELOPMENT_TEAM = ASU4PNB5MG;
				GENERATE_INFOPLIST_FILE = YES;
				INFOPLIST_FILE = URLImageKit/Resources/Info.plist;
				INFOPLIST_KEY_UIApplicationSupportsIndirectInputEvents = YES;
				INFOPLIST_KEY_UILaunchStoryboardName = Resources/LaunchScreen;
				INFOPLIST_KEY_UISupportedInterfaceOrientations_iPad = "UIInterfaceOrientationPortrait UIInterfaceOrientationPortraitUpsideDown UIInterfaceOrientationLandscapeLeft UIInterfaceOrientationLandscapeRight";
				INFOPLIST_KEY_UISupportedInterfaceOrientations_iPhone = "UIInterfaceOrientationPortrait UIInterfaceOrientationLandscapeLeft UIInterfaceOrientationLandscapeRight";
				LD_RUNPATH_SEARCH_PATHS = (
					"$(inherited)",
					"@executable_path/Frameworks",
				);
				MARKETING_VERSION = 1.0;
				PRODUCT_BUNDLE_IDENTIFIER = com.GeonSeobKim.URLImageKit;
				PRODUCT_NAME = "$(TARGET_NAME)";
				SWIFT_EMIT_LOC_STRINGS = YES;
				SWIFT_VERSION = 5.0;
				TARGETED_DEVICE_FAMILY = "1,2";
			};
			name = Debug;
		};
		8E0D20562AD0385A0065B774 /* Release */ = {
			isa = XCBuildConfiguration;
			buildSettings = {
				ASSETCATALOG_COMPILER_APPICON_NAME = AppIcon;
				ASSETCATALOG_COMPILER_GLOBAL_ACCENT_COLOR_NAME = AccentColor;
				CODE_SIGN_STYLE = Automatic;
				CURRENT_PROJECT_VERSION = 1;
				DEVELOPMENT_TEAM = ASU4PNB5MG;
				GENERATE_INFOPLIST_FILE = YES;
				INFOPLIST_FILE = URLImageKit/Resources/Info.plist;
				INFOPLIST_KEY_UIApplicationSupportsIndirectInputEvents = YES;
				INFOPLIST_KEY_UILaunchStoryboardName = Resources/LaunchScreen;
				INFOPLIST_KEY_UISupportedInterfaceOrientations_iPad = "UIInterfaceOrientationPortrait UIInterfaceOrientationPortraitUpsideDown UIInterfaceOrientationLandscapeLeft UIInterfaceOrientationLandscapeRight";
				INFOPLIST_KEY_UISupportedInterfaceOrientations_iPhone = "UIInterfaceOrientationPortrait UIInterfaceOrientationLandscapeLeft UIInterfaceOrientationLandscapeRight";
				LD_RUNPATH_SEARCH_PATHS = (
					"$(inherited)",
					"@executable_path/Frameworks",
				);
				MARKETING_VERSION = 1.0;
				PRODUCT_BUNDLE_IDENTIFIER = com.GeonSeobKim.URLImageKit;
				PRODUCT_NAME = "$(TARGET_NAME)";
				SWIFT_EMIT_LOC_STRINGS = YES;
				SWIFT_VERSION = 5.0;
				TARGETED_DEVICE_FAMILY = "1,2";
			};
			name = Release;
		};
/* End XCBuildConfiguration section */

/* Begin XCConfigurationList section */
		8E0D203B2AD038590065B774 /* Build configuration list for PBXProject "URLImageKit" */ = {
			isa = XCConfigurationList;
			buildConfigurations = (
				8E0D20522AD0385A0065B774 /* Debug */,
				8E0D20532AD0385A0065B774 /* Release */,
			);
			defaultConfigurationIsVisible = 0;
			defaultConfigurationName = Release;
		};
		8E0D20542AD0385A0065B774 /* Build configuration list for PBXNativeTarget "URLImageKit" */ = {
			isa = XCConfigurationList;
			buildConfigurations = (
				8E0D20552AD0385A0065B774 /* Debug */,
				8E0D20562AD0385A0065B774 /* Release */,
			);
			defaultConfigurationIsVisible = 0;
			defaultConfigurationName = Release;
		};
/* End XCConfigurationList section */
	};
	rootObject = 8E0D20382AD038590065B774 /* Project object */;
}
