// !$*UTF8*$!
{
	archiveVersion = 1;
	classes = {
	};
	objectVersion = 56;
	objects = {

/* Begin PBXBuildFile section */
		8EBBC4152AB4290F0030C305 /* TCAPracticeUIApp.swift in Sources */ = {isa = PBXBuildFile; fileRef = 8EBBC4142AB4290F0030C305 /* TCAPracticeUIApp.swift */; };
		8EBBC4172AB4290F0030C305 /* TCAView.swift in Sources */ = {isa = PBXBuildFile; fileRef = 8EBBC4162AB4290F0030C305 /* TCAView.swift */; };
		8EBBC4192AB429100030C305 /* Assets.xcassets in Resources */ = {isa = PBXBuildFile; fileRef = 8EBBC4182AB429100030C305 /* Assets.xcassets */; };
		8EBBC41C2AB429100030C305 /* Preview Assets.xcassets in Resources */ = {isa = PBXBuildFile; fileRef = 8EBBC41B2AB429100030C305 /* Preview Assets.xcassets */; };
		8EBBC4232AB429530030C305 /* BorderedModifier.swift in Sources */ = {isa = PBXBuildFile; fileRef = 8EBBC4222AB429530030C305 /* BorderedModifier.swift */; };
		8EBBC4262AB4298F0030C305 /* ComposableArchitecture in Frameworks */ = {isa = PBXBuildFile; productRef = 8EBBC4252AB4298F0030C305 /* ComposableArchitecture */; };
		8EBBC42B2AB429D70030C305 /* NameStore.swift in Sources */ = {isa = PBXBuildFile; fileRef = 8EBBC42A2AB429D70030C305 /* NameStore.swift */; };
		8EBBC42D2AB42B6C0030C305 /* UserStore.swift in Sources */ = {isa = PBXBuildFile; fileRef = 8EBBC42C2AB42B6C0030C305 /* UserStore.swift */; };
		8EBBC4312AB42BF90030C305 /* UserView.swift in Sources */ = {isa = PBXBuildFile; fileRef = 8EBBC4302AB42BF90030C305 /* UserView.swift */; };
		8EBBC44C2AB435D60030C305 /* FirebaseFirestore in Frameworks */ = {isa = PBXBuildFile; productRef = 8EBBC44B2AB435D60030C305 /* FirebaseFirestore */; };
		8EBBC44E2AB435D60030C305 /* FirebaseFirestoreSwift in Frameworks */ = {isa = PBXBuildFile; productRef = 8EBBC44D2AB435D60030C305 /* FirebaseFirestoreSwift */; };
/* End PBXBuildFile section */

/* Begin PBXFileReference section */
		8EBBC4112AB4290F0030C305 /* TCAPracticeUI.app */ = {isa = PBXFileReference; explicitFileType = wrapper.application; includeInIndex = 0; path = TCAPracticeUI.app; sourceTree = BUILT_PRODUCTS_DIR; };
		8EBBC4142AB4290F0030C305 /* TCAPracticeUIApp.swift */ = {isa = PBXFileReference; lastKnownFileType = sourcecode.swift; path = TCAPracticeUIApp.swift; sourceTree = "<group>"; };
		8EBBC4162AB4290F0030C305 /* TCAView.swift */ = {isa = PBXFileReference; lastKnownFileType = sourcecode.swift; path = TCAView.swift; sourceTree = "<group>"; };
		8EBBC4182AB429100030C305 /* Assets.xcassets */ = {isa = PBXFileReference; lastKnownFileType = folder.assetcatalog; path = Assets.xcassets; sourceTree = "<group>"; };
		8EBBC41B2AB429100030C305 /* Preview Assets.xcassets */ = {isa = PBXFileReference; lastKnownFileType = folder.assetcatalog; path = "Preview Assets.xcassets"; sourceTree = "<group>"; };
		8EBBC4222AB429530030C305 /* BorderedModifier.swift */ = {isa = PBXFileReference; lastKnownFileType = sourcecode.swift; path = BorderedModifier.swift; sourceTree = "<group>"; };
		8EBBC42A2AB429D70030C305 /* NameStore.swift */ = {isa = PBXFileReference; lastKnownFileType = sourcecode.swift; path = NameStore.swift; sourceTree = "<group>"; };
		8EBBC42C2AB42B6C0030C305 /* UserStore.swift */ = {isa = PBXFileReference; lastKnownFileType = sourcecode.swift; path = UserStore.swift; sourceTree = "<group>"; };
		8EBBC4302AB42BF90030C305 /* UserView.swift */ = {isa = PBXFileReference; lastKnownFileType = sourcecode.swift; path = UserView.swift; sourceTree = "<group>"; };
/* End PBXFileReference section */

/* Begin PBXFrameworksBuildPhase section */
		8EBBC40E2AB4290F0030C305 /* Frameworks */ = {
			isa = PBXFrameworksBuildPhase;
			buildActionMask = 2147483647;
			files = (
				8EBBC4262AB4298F0030C305 /* ComposableArchitecture in Frameworks */,
				8EBBC44C2AB435D60030C305 /* FirebaseFirestore in Frameworks */,
				8EBBC44E2AB435D60030C305 /* FirebaseFirestoreSwift in Frameworks */,
			);
			runOnlyForDeploymentPostprocessing = 0;
		};
/* End PBXFrameworksBuildPhase section */

/* Begin PBXGroup section */
		8EBBC4082AB4290F0030C305 = {
			isa = PBXGroup;
			children = (
				8EBBC4132AB4290F0030C305 /* TCAPracticeUI */,
				8EBBC4122AB4290F0030C305 /* Products */,
			);
			sourceTree = "<group>";
		};
		8EBBC4122AB4290F0030C305 /* Products */ = {
			isa = PBXGroup;
			children = (
				8EBBC4112AB4290F0030C305 /* TCAPracticeUI.app */,
			);
			name = Products;
			sourceTree = "<group>";
		};
		8EBBC4132AB4290F0030C305 /* TCAPracticeUI */ = {
			isa = PBXGroup;
			children = (
				8EBBC4142AB4290F0030C305 /* TCAPracticeUIApp.swift */,
				8EBBC4292AB429CB0030C305 /* Store */,
				8EBBC4282AB429B90030C305 /* View */,
				8EBBC4272AB429B10030C305 /* Modifier */,
				8EBBC4182AB429100030C305 /* Assets.xcassets */,
				8EBBC41A2AB429100030C305 /* Preview Content */,
			);
			path = TCAPracticeUI;
			sourceTree = "<group>";
		};
		8EBBC41A2AB429100030C305 /* Preview Content */ = {
			isa = PBXGroup;
			children = (
				8EBBC41B2AB429100030C305 /* Preview Assets.xcassets */,
			);
			path = "Preview Content";
			sourceTree = "<group>";
		};
		8EBBC4272AB429B10030C305 /* Modifier */ = {
			isa = PBXGroup;
			children = (
				8EBBC4222AB429530030C305 /* BorderedModifier.swift */,
			);
			path = Modifier;
			sourceTree = "<group>";
		};
		8EBBC4282AB429B90030C305 /* View */ = {
			isa = PBXGroup;
			children = (
				8EBBC4162AB4290F0030C305 /* TCAView.swift */,
				8EBBC4302AB42BF90030C305 /* UserView.swift */,
			);
			path = View;
			sourceTree = "<group>";
		};
		8EBBC4292AB429CB0030C305 /* Store */ = {
			isa = PBXGroup;
			children = (
				8EBBC42A2AB429D70030C305 /* NameStore.swift */,
				8EBBC42C2AB42B6C0030C305 /* UserStore.swift */,
			);
			path = Store;
			sourceTree = "<group>";
		};
/* End PBXGroup section */

/* Begin PBXNativeTarget section */
		8EBBC4102AB4290F0030C305 /* TCAPracticeUI */ = {
			isa = PBXNativeTarget;
			buildConfigurationList = 8EBBC41F2AB429100030C305 /* Build configuration list for PBXNativeTarget "TCAPracticeUI" */;
			buildPhases = (
				8EBBC40D2AB4290F0030C305 /* Sources */,
				8EBBC40E2AB4290F0030C305 /* Frameworks */,
				8EBBC40F2AB4290F0030C305 /* Resources */,
			);
			buildRules = (
			);
			dependencies = (
			);
			name = TCAPracticeUI;
			packageProductDependencies = (
				8EBBC4252AB4298F0030C305 /* ComposableArchitecture */,
				8EBBC44B2AB435D60030C305 /* FirebaseFirestore */,
				8EBBC44D2AB435D60030C305 /* FirebaseFirestoreSwift */,
			);
			productName = TCAPracticeUI;
			productReference = 8EBBC4112AB4290F0030C305 /* TCAPracticeUI.app */;
			productType = "com.apple.product-type.application";
		};
/* End PBXNativeTarget section */

/* Begin PBXProject section */
		8EBBC4092AB4290F0030C305 /* Project object */ = {
			isa = PBXProject;
			attributes = {
				BuildIndependentTargetsInParallel = 1;
				LastSwiftUpdateCheck = 1430;
				LastUpgradeCheck = 1430;
				TargetAttributes = {
					8EBBC4102AB4290F0030C305 = {
						CreatedOnToolsVersion = 14.3.1;
					};
				};
			};
			buildConfigurationList = 8EBBC40C2AB4290F0030C305 /* Build configuration list for PBXProject "TCAPracticeUI" */;
			compatibilityVersion = "Xcode 14.0";
			developmentRegion = en;
			hasScannedForEncodings = 0;
			knownRegions = (
				en,
				Base,
			);
			mainGroup = 8EBBC4082AB4290F0030C305;
			packageReferences = (
				8EBBC4242AB4298F0030C305 /* XCRemoteSwiftPackageReference "swift-composable-architecture" */,
				8EBBC44A2AB435D60030C305 /* XCRemoteSwiftPackageReference "firebase-ios-sdk" */,
			);
			productRefGroup = 8EBBC4122AB4290F0030C305 /* Products */;
			projectDirPath = "";
			projectRoot = "";
			targets = (
				8EBBC4102AB4290F0030C305 /* TCAPracticeUI */,
			);
		};
/* End PBXProject section */

/* Begin PBXResourcesBuildPhase section */
		8EBBC40F2AB4290F0030C305 /* Resources */ = {
			isa = PBXResourcesBuildPhase;
			buildActionMask = 2147483647;
			files = (
				8EBBC41C2AB429100030C305 /* Preview Assets.xcassets in Resources */,
				8EBBC4192AB429100030C305 /* Assets.xcassets in Resources */,
			);
			runOnlyForDeploymentPostprocessing = 0;
		};
/* End PBXResourcesBuildPhase section */

/* Begin PBXSourcesBuildPhase section */
		8EBBC40D2AB4290F0030C305 /* Sources */ = {
			isa = PBXSourcesBuildPhase;
			buildActionMask = 2147483647;
			files = (
				8EBBC42B2AB429D70030C305 /* NameStore.swift in Sources */,
				8EBBC4312AB42BF90030C305 /* UserView.swift in Sources */,
				8EBBC42D2AB42B6C0030C305 /* UserStore.swift in Sources */,
				8EBBC4172AB4290F0030C305 /* TCAView.swift in Sources */,
				8EBBC4232AB429530030C305 /* BorderedModifier.swift in Sources */,
				8EBBC4152AB4290F0030C305 /* TCAPracticeUIApp.swift in Sources */,
			);
			runOnlyForDeploymentPostprocessing = 0;
		};
/* End PBXSourcesBuildPhase section */

/* Begin XCBuildConfiguration section */
		8EBBC41D2AB429100030C305 /* Debug */ = {
			isa = XCBuildConfiguration;
			buildSettings = {
				ALWAYS_SEARCH_USER_PATHS = NO;
				CLANG_ANALYZER_NONNULL = YES;
				CLANG_ANALYZER_NUMBER_OBJECT_CONVERSION = YES_AGGRESSIVE;
				CLANG_CXX_LANGUAGE_STANDARD = "gnu++20";
				CLANG_ENABLE_MODULES = YES;
				CLANG_ENABLE_OBJC_ARC = YES;
				CLANG_ENABLE_OBJC_WEAK = YES;
				CLANG_WARN_BLOCK_CAPTURE_AUTORELEASING = YES;
				CLANG_WARN_BOOL_CONVERSION = YES;
				CLANG_WARN_COMMA = YES;
				CLANG_WARN_CONSTANT_CONVERSION = YES;
				CLANG_WARN_DEPRECATED_OBJC_IMPLEMENTATIONS = YES;
				CLANG_WARN_DIRECT_OBJC_ISA_USAGE = YES_ERROR;
				CLANG_WARN_DOCUMENTATION_COMMENTS = YES;
				CLANG_WARN_EMPTY_BODY = YES;
				CLANG_WARN_ENUM_CONVERSION = YES;
				CLANG_WARN_INFINITE_RECURSION = YES;
				CLANG_WARN_INT_CONVERSION = YES;
				CLANG_WARN_NON_LITERAL_NULL_CONVERSION = YES;
				CLANG_WARN_OBJC_IMPLICIT_RETAIN_SELF = YES;
				CLANG_WARN_OBJC_LITERAL_CONVERSION = YES;
				CLANG_WARN_OBJC_ROOT_CLASS = YES_ERROR;
				CLANG_WARN_QUOTED_INCLUDE_IN_FRAMEWORK_HEADER = YES;
				CLANG_WARN_RANGE_LOOP_ANALYSIS = YES;
				CLANG_WARN_STRICT_PROTOTYPES = YES;
				CLANG_WARN_SUSPICIOUS_MOVE = YES;
				CLANG_WARN_UNGUARDED_AVAILABILITY = YES_AGGRESSIVE;
				CLANG_WARN_UNREACHABLE_CODE = YES;
				CLANG_WARN__DUPLICATE_METHOD_MATCH = YES;
				COPY_PHASE_STRIP = NO;
				DEBUG_INFORMATION_FORMAT = dwarf;
				ENABLE_STRICT_OBJC_MSGSEND = YES;
				ENABLE_TESTABILITY = YES;
				GCC_C_LANGUAGE_STANDARD = gnu11;
				GCC_DYNAMIC_NO_PIC = NO;
				GCC_NO_COMMON_BLOCKS = YES;
				GCC_OPTIMIZATION_LEVEL = 0;
				GCC_PREPROCESSOR_DEFINITIONS = (
					"DEBUG=1",
					"$(inherited)",
				);
				GCC_WARN_64_TO_32_BIT_CONVERSION = YES;
				GCC_WARN_ABOUT_RETURN_TYPE = YES_ERROR;
				GCC_WARN_UNDECLARED_SELECTOR = YES;
				GCC_WARN_UNINITIALIZED_AUTOS = YES_AGGRESSIVE;
				GCC_WARN_UNUSED_FUNCTION = YES;
				GCC_WARN_UNUSED_VARIABLE = YES;
				IPHONEOS_DEPLOYMENT_TARGET = 16.4;
				MTL_ENABLE_DEBUG_INFO = INCLUDE_SOURCE;
				MTL_FAST_MATH = YES;
				ONLY_ACTIVE_ARCH = YES;
				SDKROOT = iphoneos;
				SWIFT_ACTIVE_COMPILATION_CONDITIONS = DEBUG;
				SWIFT_OPTIMIZATION_LEVEL = "-Onone";
			};
			name = Debug;
		};
		8EBBC41E2AB429100030C305 /* Release */ = {
			isa = XCBuildConfiguration;
			buildSettings = {
				ALWAYS_SEARCH_USER_PATHS = NO;
				CLANG_ANALYZER_NONNULL = YES;
				CLANG_ANALYZER_NUMBER_OBJECT_CONVERSION = YES_AGGRESSIVE;
				CLANG_CXX_LANGUAGE_STANDARD = "gnu++20";
				CLANG_ENABLE_MODULES = YES;
				CLANG_ENABLE_OBJC_ARC = YES;
				CLANG_ENABLE_OBJC_WEAK = YES;
				CLANG_WARN_BLOCK_CAPTURE_AUTORELEASING = YES;
				CLANG_WARN_BOOL_CONVERSION = YES;
				CLANG_WARN_COMMA = YES;
				CLANG_WARN_CONSTANT_CONVERSION = YES;
				CLANG_WARN_DEPRECATED_OBJC_IMPLEMENTATIONS = YES;
				CLANG_WARN_DIRECT_OBJC_ISA_USAGE = YES_ERROR;
				CLANG_WARN_DOCUMENTATION_COMMENTS = YES;
				CLANG_WARN_EMPTY_BODY = YES;
				CLANG_WARN_ENUM_CONVERSION = YES;
				CLANG_WARN_INFINITE_RECURSION = YES;
				CLANG_WARN_INT_CONVERSION = YES;
				CLANG_WARN_NON_LITERAL_NULL_CONVERSION = YES;
				CLANG_WARN_OBJC_IMPLICIT_RETAIN_SELF = YES;
				CLANG_WARN_OBJC_LITERAL_CONVERSION = YES;
				CLANG_WARN_OBJC_ROOT_CLASS = YES_ERROR;
				CLANG_WARN_QUOTED_INCLUDE_IN_FRAMEWORK_HEADER = YES;
				CLANG_WARN_RANGE_LOOP_ANALYSIS = YES;
				CLANG_WARN_STRICT_PROTOTYPES = YES;
				CLANG_WARN_SUSPICIOUS_MOVE = YES;
				CLANG_WARN_UNGUARDED_AVAILABILITY = YES_AGGRESSIVE;
				CLANG_WARN_UNREACHABLE_CODE = YES;
				CLANG_WARN__DUPLICATE_METHOD_MATCH = YES;
				COPY_PHASE_STRIP = NO;
				DEBUG_INFORMATION_FORMAT = "dwarf-with-dsym";
				ENABLE_NS_ASSERTIONS = NO;
				ENABLE_STRICT_OBJC_MSGSEND = YES;
				GCC_C_LANGUAGE_STANDARD = gnu11;
				GCC_NO_COMMON_BLOCKS = YES;
				GCC_WARN_64_TO_32_BIT_CONVERSION = YES;
				GCC_WARN_ABOUT_RETURN_TYPE = YES_ERROR;
				GCC_WARN_UNDECLARED_SELECTOR = YES;
				GCC_WARN_UNINITIALIZED_AUTOS = YES_AGGRESSIVE;
				GCC_WARN_UNUSED_FUNCTION = YES;
				GCC_WARN_UNUSED_VARIABLE = YES;
				IPHONEOS_DEPLOYMENT_TARGET = 16.4;
				MTL_ENABLE_DEBUG_INFO = NO;
				MTL_FAST_MATH = YES;
				SDKROOT = iphoneos;
				SWIFT_COMPILATION_MODE = wholemodule;
				SWIFT_OPTIMIZATION_LEVEL = "-O";
				VALIDATE_PRODUCT = YES;
			};
			name = Release;
		};
		8EBBC4202AB429100030C305 /* Debug */ = {
			isa = XCBuildConfiguration;
			buildSettings = {
				ASSETCATALOG_COMPILER_APPICON_NAME = AppIcon;
				ASSETCATALOG_COMPILER_GLOBAL_ACCENT_COLOR_NAME = AccentColor;
				CODE_SIGN_STYLE = Automatic;
				CURRENT_PROJECT_VERSION = 1;
				DEVELOPMENT_ASSET_PATHS = "\"TCAPracticeUI/Preview Content\"";
				DEVELOPMENT_TEAM = ASU4PNB5MG;
				ENABLE_PREVIEWS = YES;
				GENERATE_INFOPLIST_FILE = YES;
				INFOPLIST_KEY_UIApplicationSceneManifest_Generation = YES;
				INFOPLIST_KEY_UIApplicationSupportsIndirectInputEvents = YES;
				INFOPLIST_KEY_UILaunchScreen_Generation = YES;
				INFOPLIST_KEY_UISupportedInterfaceOrientations_iPad = "UIInterfaceOrientationPortrait UIInterfaceOrientationPortraitUpsideDown UIInterfaceOrientationLandscapeLeft UIInterfaceOrientationLandscapeRight";
				INFOPLIST_KEY_UISupportedInterfaceOrientations_iPhone = "UIInterfaceOrientationPortrait UIInterfaceOrientationLandscapeLeft UIInterfaceOrientationLandscapeRight";
				LD_RUNPATH_SEARCH_PATHS = (
					"$(inherited)",
					"@executable_path/Frameworks",
				);
				MARKETING_VERSION = 1.0;
				PRODUCT_BUNDLE_IDENTIFIER = com.GeonSeobKim.TCAPracticeUI;
				PRODUCT_NAME = "$(TARGET_NAME)";
				SWIFT_EMIT_LOC_STRINGS = YES;
				SWIFT_VERSION = 5.0;
				TARGETED_DEVICE_FAMILY = "1,2";
			};
			name = Debug;
		};
		8EBBC4212AB429100030C305 /* Release */ = {
			isa = XCBuildConfiguration;
			buildSettings = {
				ASSETCATALOG_COMPILER_APPICON_NAME = AppIcon;
				ASSETCATALOG_COMPILER_GLOBAL_ACCENT_COLOR_NAME = AccentColor;
				CODE_SIGN_STYLE = Automatic;
				CURRENT_PROJECT_VERSION = 1;
				DEVELOPMENT_ASSET_PATHS = "\"TCAPracticeUI/Preview Content\"";
				DEVELOPMENT_TEAM = ASU4PNB5MG;
				ENABLE_PREVIEWS = YES;
				GENERATE_INFOPLIST_FILE = YES;
				INFOPLIST_KEY_UIApplicationSceneManifest_Generation = YES;
				INFOPLIST_KEY_UIApplicationSupportsIndirectInputEvents = YES;
				INFOPLIST_KEY_UILaunchScreen_Generation = YES;
				INFOPLIST_KEY_UISupportedInterfaceOrientations_iPad = "UIInterfaceOrientationPortrait UIInterfaceOrientationPortraitUpsideDown UIInterfaceOrientationLandscapeLeft UIInterfaceOrientationLandscapeRight";
				INFOPLIST_KEY_UISupportedInterfaceOrientations_iPhone = "UIInterfaceOrientationPortrait UIInterfaceOrientationLandscapeLeft UIInterfaceOrientationLandscapeRight";
				LD_RUNPATH_SEARCH_PATHS = (
					"$(inherited)",
					"@executable_path/Frameworks",
				);
				MARKETING_VERSION = 1.0;
				PRODUCT_BUNDLE_IDENTIFIER = com.GeonSeobKim.TCAPracticeUI;
				PRODUCT_NAME = "$(TARGET_NAME)";
				SWIFT_EMIT_LOC_STRINGS = YES;
				SWIFT_VERSION = 5.0;
				TARGETED_DEVICE_FAMILY = "1,2";
			};
			name = Release;
		};
/* End XCBuildConfiguration section */

/* Begin XCConfigurationList section */
		8EBBC40C2AB4290F0030C305 /* Build configuration list for PBXProject "TCAPracticeUI" */ = {
			isa = XCConfigurationList;
			buildConfigurations = (
				8EBBC41D2AB429100030C305 /* Debug */,
				8EBBC41E2AB429100030C305 /* Release */,
			);
			defaultConfigurationIsVisible = 0;
			defaultConfigurationName = Release;
		};
		8EBBC41F2AB429100030C305 /* Build configuration list for PBXNativeTarget "TCAPracticeUI" */ = {
			isa = XCConfigurationList;
			buildConfigurations = (
				8EBBC4202AB429100030C305 /* Debug */,
				8EBBC4212AB429100030C305 /* Release */,
			);
			defaultConfigurationIsVisible = 0;
			defaultConfigurationName = Release;
		};
/* End XCConfigurationList section */

/* Begin XCRemoteSwiftPackageReference section */
		8EBBC4242AB4298F0030C305 /* XCRemoteSwiftPackageReference "swift-composable-architecture" */ = {
			isa = XCRemoteSwiftPackageReference;
			repositoryURL = "https://github.com/pointfreeco/swift-composable-architecture";
			requirement = {
				kind = upToNextMajorVersion;
				minimumVersion = 1.0.0;
			};
		};
		8EBBC44A2AB435D60030C305 /* XCRemoteSwiftPackageReference "firebase-ios-sdk" */ = {
			isa = XCRemoteSwiftPackageReference;
			repositoryURL = "https://github.com/firebase/firebase-ios-sdk";
			requirement = {
				kind = upToNextMajorVersion;
				minimumVersion = 10.0.0;
			};
		};
/* End XCRemoteSwiftPackageReference section */

/* Begin XCSwiftPackageProductDependency section */
		8EBBC4252AB4298F0030C305 /* ComposableArchitecture */ = {
			isa = XCSwiftPackageProductDependency;
			package = 8EBBC4242AB4298F0030C305 /* XCRemoteSwiftPackageReference "swift-composable-architecture" */;
			productName = ComposableArchitecture;
		};
		8EBBC44B2AB435D60030C305 /* FirebaseFirestore */ = {
			isa = XCSwiftPackageProductDependency;
			package = 8EBBC44A2AB435D60030C305 /* XCRemoteSwiftPackageReference "firebase-ios-sdk" */;
			productName = FirebaseFirestore;
		};
		8EBBC44D2AB435D60030C305 /* FirebaseFirestoreSwift */ = {
			isa = XCSwiftPackageProductDependency;
			package = 8EBBC44A2AB435D60030C305 /* XCRemoteSwiftPackageReference "firebase-ios-sdk" */;
			productName = FirebaseFirestoreSwift;
		};
/* End XCSwiftPackageProductDependency section */
	};
	rootObject = 8EBBC4092AB4290F0030C305 /* Project object */;
}
