// !$*UTF8*$!
{
	archiveVersion = 1;
	classes = {
	};
	objectVersion = 56;
	objects = {

/* Begin PBXBuildFile section */
		8E6FE3122A39C9D9005ACE98 /* AppDelegate.swift in Sources */ = {isa = PBXBuildFile; fileRef = 8E6FE3112A39C9D9005ACE98 /* AppDelegate.swift */; };
		8E6FE3142A39C9D9005ACE98 /* SceneDelegate.swift in Sources */ = {isa = PBXBuildFile; fileRef = 8E6FE3132A39C9D9005ACE98 /* SceneDelegate.swift */; };
		8E6FE3162A39C9D9005ACE98 /* ViewController.swift in Sources */ = {isa = PBXBuildFile; fileRef = 8E6FE3152A39C9D9005ACE98 /* ViewController.swift */; };
		8E6FE3192A39C9D9005ACE98 /* Main.storyboard in Resources */ = {isa = PBXBuildFile; fileRef = 8E6FE3172A39C9D9005ACE98 /* Main.storyboard */; };
		8E6FE31B2A39C9DD005ACE98 /* Assets.xcassets in Resources */ = {isa = PBXBuildFile; fileRef = 8E6FE31A2A39C9DD005ACE98 /* Assets.xcassets */; };
		8E6FE31E2A39C9DD005ACE98 /* LaunchScreen.storyboard in Resources */ = {isa = PBXBuildFile; fileRef = 8E6FE31C2A39C9DD005ACE98 /* LaunchScreen.storyboard */; };
		8E6FE3262A39CD76005ACE98 /* StudentTableViewController.swift in Sources */ = {isa = PBXBuildFile; fileRef = 8E6FE3252A39CD76005ACE98 /* StudentTableViewController.swift */; };
		8E6FE32B2A39CE58005ACE98 /* File.swift in Sources */ = {isa = PBXBuildFile; fileRef = 8E6FE32A2A39CE58005ACE98 /* File.swift */; };
/* End PBXBuildFile section */

/* Begin PBXFileReference section */
		8E6FE30E2A39C9D9005ACE98 /* StudentKit.app */ = {isa = PBXFileReference; explicitFileType = wrapper.application; includeInIndex = 0; path = StudentKit.app; sourceTree = BUILT_PRODUCTS_DIR; };
		8E6FE3112A39C9D9005ACE98 /* AppDelegate.swift */ = {isa = PBXFileReference; lastKnownFileType = sourcecode.swift; path = AppDelegate.swift; sourceTree = "<group>"; };
		8E6FE3132A39C9D9005ACE98 /* SceneDelegate.swift */ = {isa = PBXFileReference; lastKnownFileType = sourcecode.swift; path = SceneDelegate.swift; sourceTree = "<group>"; };
		8E6FE3152A39C9D9005ACE98 /* ViewController.swift */ = {isa = PBXFileReference; lastKnownFileType = sourcecode.swift; path = ViewController.swift; sourceTree = "<group>"; };
		8E6FE3182A39C9D9005ACE98 /* Base */ = {isa = PBXFileReference; lastKnownFileType = file.storyboard; name = Base; path = Base.lproj/Main.storyboard; sourceTree = "<group>"; };
		8E6FE31A2A39C9DD005ACE98 /* Assets.xcassets */ = {isa = PBXFileReference; lastKnownFileType = folder.assetcatalog; path = Assets.xcassets; sourceTree = "<group>"; };
		8E6FE31D2A39C9DD005ACE98 /* Base */ = {isa = PBXFileReference; lastKnownFileType = file.storyboard; name = Base; path = Base.lproj/LaunchScreen.storyboard; sourceTree = "<group>"; };
		8E6FE31F2A39C9DD005ACE98 /* Info.plist */ = {isa = PBXFileReference; lastKnownFileType = text.plist.xml; path = Info.plist; sourceTree = "<group>"; };
		8E6FE3252A39CD76005ACE98 /* StudentTableViewController.swift */ = {isa = PBXFileReference; lastKnownFileType = sourcecode.swift; path = StudentTableViewController.swift; sourceTree = "<group>"; };
		8E6FE32A2A39CE58005ACE98 /* File.swift */ = {isa = PBXFileReference; lastKnownFileType = sourcecode.swift; path = File.swift; sourceTree = "<group>"; };
/* End PBXFileReference section */

/* Begin PBXFrameworksBuildPhase section */
		8E6FE30B2A39C9D9005ACE98 /* Frameworks */ = {
			isa = PBXFrameworksBuildPhase;
			buildActionMask = 2147483647;
			files = (
			);
			runOnlyForDeploymentPostprocessing = 0;
		};
/* End PBXFrameworksBuildPhase section */

/* Begin PBXGroup section */
		8E6FE3052A39C9D9005ACE98 = {
			isa = PBXGroup;
			children = (
				8E6FE3102A39C9D9005ACE98 /* StudentKit */,
				8E6FE30F2A39C9D9005ACE98 /* Products */,
			);
			sourceTree = "<group>";
		};
		8E6FE30F2A39C9D9005ACE98 /* Products */ = {
			isa = PBXGroup;
			children = (
				8E6FE30E2A39C9D9005ACE98 /* StudentKit.app */,
			);
			name = Products;
			sourceTree = "<group>";
		};
		8E6FE3102A39C9D9005ACE98 /* StudentKit */ = {
			isa = PBXGroup;
			children = (
				8E6FE3112A39C9D9005ACE98 /* AppDelegate.swift */,
				8E6FE3132A39C9D9005ACE98 /* SceneDelegate.swift */,
				8E6FE3292A39CD93005ACE98 /* View */,
				8E6FE3282A39CD8D005ACE98 /* Model */,
				8E6FE3272A39CD7F005ACE98 /* Controller */,
				8E6FE3172A39C9D9005ACE98 /* Main.storyboard */,
				8E6FE31A2A39C9DD005ACE98 /* Assets.xcassets */,
				8E6FE31C2A39C9DD005ACE98 /* LaunchScreen.storyboard */,
				8E6FE31F2A39C9DD005ACE98 /* Info.plist */,
			);
			path = StudentKit;
			sourceTree = "<group>";
		};
		8E6FE3272A39CD7F005ACE98 /* Controller */ = {
			isa = PBXGroup;
			children = (
				8E6FE3152A39C9D9005ACE98 /* ViewController.swift */,
				8E6FE3252A39CD76005ACE98 /* StudentTableViewController.swift */,
			);
			path = Controller;
			sourceTree = "<group>";
		};
		8E6FE3282A39CD8D005ACE98 /* Model */ = {
			isa = PBXGroup;
			children = (
				8E6FE32A2A39CE58005ACE98 /* File.swift */,
			);
			path = Model;
			sourceTree = "<group>";
		};
		8E6FE3292A39CD93005ACE98 /* View */ = {
			isa = PBXGroup;
			children = (
			);
			path = View;
			sourceTree = "<group>";
		};
/* End PBXGroup section */

/* Begin PBXNativeTarget section */
		8E6FE30D2A39C9D9005ACE98 /* StudentKit */ = {
			isa = PBXNativeTarget;
			buildConfigurationList = 8E6FE3222A39C9DD005ACE98 /* Build configuration list for PBXNativeTarget "StudentKit" */;
			buildPhases = (
				8E6FE30A2A39C9D9005ACE98 /* Sources */,
				8E6FE30B2A39C9D9005ACE98 /* Frameworks */,
				8E6FE30C2A39C9D9005ACE98 /* Resources */,
			);
			buildRules = (
			);
			dependencies = (
			);
			name = StudentKit;
			productName = StudentKit;
			productReference = 8E6FE30E2A39C9D9005ACE98 /* StudentKit.app */;
			productType = "com.apple.product-type.application";
		};
/* End PBXNativeTarget section */

/* Begin PBXProject section */
		8E6FE3062A39C9D9005ACE98 /* Project object */ = {
			isa = PBXProject;
			attributes = {
				BuildIndependentTargetsInParallel = 1;
				LastSwiftUpdateCheck = 1420;
				LastUpgradeCheck = 1420;
				TargetAttributes = {
					8E6FE30D2A39C9D9005ACE98 = {
						CreatedOnToolsVersion = 14.2;
					};
				};
			};
			buildConfigurationList = 8E6FE3092A39C9D9005ACE98 /* Build configuration list for PBXProject "StudentKit" */;
			compatibilityVersion = "Xcode 14.0";
			developmentRegion = en;
			hasScannedForEncodings = 0;
			knownRegions = (
				en,
				Base,
			);
			mainGroup = 8E6FE3052A39C9D9005ACE98;
			productRefGroup = 8E6FE30F2A39C9D9005ACE98 /* Products */;
			projectDirPath = "";
			projectRoot = "";
			targets = (
				8E6FE30D2A39C9D9005ACE98 /* StudentKit */,
			);
		};
/* End PBXProject section */

/* Begin PBXResourcesBuildPhase section */
		8E6FE30C2A39C9D9005ACE98 /* Resources */ = {
			isa = PBXResourcesBuildPhase;
			buildActionMask = 2147483647;
			files = (
				8E6FE31E2A39C9DD005ACE98 /* LaunchScreen.storyboard in Resources */,
				8E6FE31B2A39C9DD005ACE98 /* Assets.xcassets in Resources */,
				8E6FE3192A39C9D9005ACE98 /* Main.storyboard in Resources */,
			);
			runOnlyForDeploymentPostprocessing = 0;
		};
/* End PBXResourcesBuildPhase section */

/* Begin PBXSourcesBuildPhase section */
		8E6FE30A2A39C9D9005ACE98 /* Sources */ = {
			isa = PBXSourcesBuildPhase;
			buildActionMask = 2147483647;
			files = (
				8E6FE32B2A39CE58005ACE98 /* File.swift in Sources */,
				8E6FE3162A39C9D9005ACE98 /* ViewController.swift in Sources */,
				8E6FE3122A39C9D9005ACE98 /* AppDelegate.swift in Sources */,
				8E6FE3142A39C9D9005ACE98 /* SceneDelegate.swift in Sources */,
				8E6FE3262A39CD76005ACE98 /* StudentTableViewController.swift in Sources */,
			);
			runOnlyForDeploymentPostprocessing = 0;
		};
/* End PBXSourcesBuildPhase section */

/* Begin PBXVariantGroup section */
		8E6FE3172A39C9D9005ACE98 /* Main.storyboard */ = {
			isa = PBXVariantGroup;
			children = (
				8E6FE3182A39C9D9005ACE98 /* Base */,
			);
			name = Main.storyboard;
			sourceTree = "<group>";
		};
		8E6FE31C2A39C9DD005ACE98 /* LaunchScreen.storyboard */ = {
			isa = PBXVariantGroup;
			children = (
				8E6FE31D2A39C9DD005ACE98 /* Base */,
			);
			name = LaunchScreen.storyboard;
			sourceTree = "<group>";
		};
/* End PBXVariantGroup section */

/* Begin XCBuildConfiguration section */
		8E6FE3202A39C9DD005ACE98 /* Debug */ = {
			isa = XCBuildConfiguration;
			buildSettings = {
				ALWAYS_SEARCH_USER_PATHS = NO;
				CLANG_ANALYZER_NONNULL = YES;
				CLANG_ANALYZER_NUMBER_OBJECT_CONVERSION = YES_AGGRESSIVE;
				CLANG_CXX_LANGUAGE_STANDARD = "gnu++20";
				CLANG_ENABLE_MODULES = YES;
				CLANG_ENABLE_OBJC_ARC = YES;
				CLANG_ENABLE_OBJC_WEAK = YES;
				CLANG_WARN_BLOCK_CAPTURE_AUTORELEASING = YES;
				CLANG_WARN_BOOL_CONVERSION = YES;
				CLANG_WARN_COMMA = YES;
				CLANG_WARN_CONSTANT_CONVERSION = YES;
				CLANG_WARN_DEPRECATED_OBJC_IMPLEMENTATIONS = YES;
				CLANG_WARN_DIRECT_OBJC_ISA_USAGE = YES_ERROR;
				CLANG_WARN_DOCUMENTATION_COMMENTS = YES;
				CLANG_WARN_EMPTY_BODY = YES;
				CLANG_WARN_ENUM_CONVERSION = YES;
				CLANG_WARN_INFINITE_RECURSION = YES;
				CLANG_WARN_INT_CONVERSION = YES;
				CLANG_WARN_NON_LITERAL_NULL_CONVERSION = YES;
				CLANG_WARN_OBJC_IMPLICIT_RETAIN_SELF = YES;
				CLANG_WARN_OBJC_LITERAL_CONVERSION = YES;
				CLANG_WARN_OBJC_ROOT_CLASS = YES_ERROR;
				CLANG_WARN_QUOTED_INCLUDE_IN_FRAMEWORK_HEADER = YES;
				CLANG_WARN_RANGE_LOOP_ANALYSIS = YES;
				CLANG_WARN_STRICT_PROTOTYPES = YES;
				CLANG_WARN_SUSPICIOUS_MOVE = YES;
				CLANG_WARN_UNGUARDED_AVAILABILITY = YES_AGGRESSIVE;
				CLANG_WARN_UNREACHABLE_CODE = YES;
				CLANG_WARN__DUPLICATE_METHOD_MATCH = YES;
				COPY_PHASE_STRIP = NO;
				DEBUG_INFORMATION_FORMAT = dwarf;
				ENABLE_STRICT_OBJC_MSGSEND = YES;
				ENABLE_TESTABILITY = YES;
				GCC_C_LANGUAGE_STANDARD = gnu11;
				GCC_DYNAMIC_NO_PIC = NO;
				GCC_NO_COMMON_BLOCKS = YES;
				GCC_OPTIMIZATION_LEVEL = 0;
				GCC_PREPROCESSOR_DEFINITIONS = (
					"DEBUG=1",
					"$(inherited)",
				);
				GCC_WARN_64_TO_32_BIT_CONVERSION = YES;
				GCC_WARN_ABOUT_RETURN_TYPE = YES_ERROR;
				GCC_WARN_UNDECLARED_SELECTOR = YES;
				GCC_WARN_UNINITIALIZED_AUTOS = YES_AGGRESSIVE;
				GCC_WARN_UNUSED_FUNCTION = YES;
				GCC_WARN_UNUSED_VARIABLE = YES;
				IPHONEOS_DEPLOYMENT_TARGET = 16.2;
				MTL_ENABLE_DEBUG_INFO = INCLUDE_SOURCE;
				MTL_FAST_MATH = YES;
				ONLY_ACTIVE_ARCH = YES;
				SDKROOT = iphoneos;
				SWIFT_ACTIVE_COMPILATION_CONDITIONS = DEBUG;
				SWIFT_OPTIMIZATION_LEVEL = "-Onone";
			};
			name = Debug;
		};
		8E6FE3212A39C9DD005ACE98 /* Release */ = {
			isa = XCBuildConfiguration;
			buildSettings = {
				ALWAYS_SEARCH_USER_PATHS = NO;
				CLANG_ANALYZER_NONNULL = YES;
				CLANG_ANALYZER_NUMBER_OBJECT_CONVERSION = YES_AGGRESSIVE;
				CLANG_CXX_LANGUAGE_STANDARD = "gnu++20";
				CLANG_ENABLE_MODULES = YES;
				CLANG_ENABLE_OBJC_ARC = YES;
				CLANG_ENABLE_OBJC_WEAK = YES;
				CLANG_WARN_BLOCK_CAPTURE_AUTORELEASING = YES;
				CLANG_WARN_BOOL_CONVERSION = YES;
				CLANG_WARN_COMMA = YES;
				CLANG_WARN_CONSTANT_CONVERSION = YES;
				CLANG_WARN_DEPRECATED_OBJC_IMPLEMENTATIONS = YES;
				CLANG_WARN_DIRECT_OBJC_ISA_USAGE = YES_ERROR;
				CLANG_WARN_DOCUMENTATION_COMMENTS = YES;
				CLANG_WARN_EMPTY_BODY = YES;
				CLANG_WARN_ENUM_CONVERSION = YES;
				CLANG_WARN_INFINITE_RECURSION = YES;
				CLANG_WARN_INT_CONVERSION = YES;
				CLANG_WARN_NON_LITERAL_NULL_CONVERSION = YES;
				CLANG_WARN_OBJC_IMPLICIT_RETAIN_SELF = YES;
				CLANG_WARN_OBJC_LITERAL_CONVERSION = YES;
				CLANG_WARN_OBJC_ROOT_CLASS = YES_ERROR;
				CLANG_WARN_QUOTED_INCLUDE_IN_FRAMEWORK_HEADER = YES;
				CLANG_WARN_RANGE_LOOP_ANALYSIS = YES;
				CLANG_WARN_STRICT_PROTOTYPES = YES;
				CLANG_WARN_SUSPICIOUS_MOVE = YES;
				CLANG_WARN_UNGUARDED_AVAILABILITY = YES_AGGRESSIVE;
				CLANG_WARN_UNREACHABLE_CODE = YES;
				CLANG_WARN__DUPLICATE_METHOD_MATCH = YES;
				COPY_PHASE_STRIP = NO;
				DEBUG_INFORMATION_FORMAT = "dwarf-with-dsym";
				ENABLE_NS_ASSERTIONS = NO;
				ENABLE_STRICT_OBJC_MSGSEND = YES;
				GCC_C_LANGUAGE_STANDARD = gnu11;
				GCC_NO_COMMON_BLOCKS = YES;
				GCC_WARN_64_TO_32_BIT_CONVERSION = YES;
				GCC_WARN_ABOUT_RETURN_TYPE = YES_ERROR;
				GCC_WARN_UNDECLARED_SELECTOR = YES;
				GCC_WARN_UNINITIALIZED_AUTOS = YES_AGGRESSIVE;
				GCC_WARN_UNUSED_FUNCTION = YES;
				GCC_WARN_UNUSED_VARIABLE = YES;
				IPHONEOS_DEPLOYMENT_TARGET = 16.2;
				MTL_ENABLE_DEBUG_INFO = NO;
				MTL_FAST_MATH = YES;
				SDKROOT = iphoneos;
				SWIFT_COMPILATION_MODE = wholemodule;
				SWIFT_OPTIMIZATION_LEVEL = "-O";
				VALIDATE_PRODUCT = YES;
			};
			name = Release;
		};
		8E6FE3232A39C9DD005ACE98 /* Debug */ = {
			isa = XCBuildConfiguration;
			buildSettings = {
				ASSETCATALOG_COMPILER_APPICON_NAME = AppIcon;
				ASSETCATALOG_COMPILER_GLOBAL_ACCENT_COLOR_NAME = AccentColor;
				CODE_SIGN_STYLE = Automatic;
				CURRENT_PROJECT_VERSION = 1;
				DEVELOPMENT_TEAM = ZV5P93XJVP;
				GENERATE_INFOPLIST_FILE = YES;
				INFOPLIST_FILE = StudentKit/Info.plist;
				INFOPLIST_KEY_UIApplicationSupportsIndirectInputEvents = YES;
				INFOPLIST_KEY_UILaunchStoryboardName = LaunchScreen;
				INFOPLIST_KEY_UIMainStoryboardFile = Main;
				INFOPLIST_KEY_UISupportedInterfaceOrientations_iPad = "UIInterfaceOrientationPortrait UIInterfaceOrientationPortraitUpsideDown UIInterfaceOrientationLandscapeLeft UIInterfaceOrientationLandscapeRight";
				INFOPLIST_KEY_UISupportedInterfaceOrientations_iPhone = "UIInterfaceOrientationPortrait UIInterfaceOrientationLandscapeLeft UIInterfaceOrientationLandscapeRight";
				LD_RUNPATH_SEARCH_PATHS = (
					"$(inherited)",
					"@executable_path/Frameworks",
				);
				MARKETING_VERSION = 1.0;
				PRODUCT_BUNDLE_IDENTIFIER = com.Beckim.StudentKit;
				PRODUCT_NAME = "$(TARGET_NAME)";
				SWIFT_EMIT_LOC_STRINGS = YES;
				SWIFT_VERSION = 5.0;
				TARGETED_DEVICE_FAMILY = "1,2";
			};
			name = Debug;
		};
		8E6FE3242A39C9DD005ACE98 /* Release */ = {
			isa = XCBuildConfiguration;
			buildSettings = {
				ASSETCATALOG_COMPILER_APPICON_NAME = AppIcon;
				ASSETCATALOG_COMPILER_GLOBAL_ACCENT_COLOR_NAME = AccentColor;
				CODE_SIGN_STYLE = Automatic;
				CURRENT_PROJECT_VERSION = 1;
				DEVELOPMENT_TEAM = ZV5P93XJVP;
				GENERATE_INFOPLIST_FILE = YES;
				INFOPLIST_FILE = StudentKit/Info.plist;
				INFOPLIST_KEY_UIApplicationSupportsIndirectInputEvents = YES;
				INFOPLIST_KEY_UILaunchStoryboardName = LaunchScreen;
				INFOPLIST_KEY_UIMainStoryboardFile = Main;
				INFOPLIST_KEY_UISupportedInterfaceOrientations_iPad = "UIInterfaceOrientationPortrait UIInterfaceOrientationPortraitUpsideDown UIInterfaceOrientationLandscapeLeft UIInterfaceOrientationLandscapeRight";
				INFOPLIST_KEY_UISupportedInterfaceOrientations_iPhone = "UIInterfaceOrientationPortrait UIInterfaceOrientationLandscapeLeft UIInterfaceOrientationLandscapeRight";
				LD_RUNPATH_SEARCH_PATHS = (
					"$(inherited)",
					"@executable_path/Frameworks",
				);
				MARKETING_VERSION = 1.0;
				PRODUCT_BUNDLE_IDENTIFIER = com.Beckim.StudentKit;
				PRODUCT_NAME = "$(TARGET_NAME)";
				SWIFT_EMIT_LOC_STRINGS = YES;
				SWIFT_VERSION = 5.0;
				TARGETED_DEVICE_FAMILY = "1,2";
			};
			name = Release;
		};
/* End XCBuildConfiguration section */

/* Begin XCConfigurationList section */
		8E6FE3092A39C9D9005ACE98 /* Build configuration list for PBXProject "StudentKit" */ = {
			isa = XCConfigurationList;
			buildConfigurations = (
				8E6FE3202A39C9DD005ACE98 /* Debug */,
				8E6FE3212A39C9DD005ACE98 /* Release */,
			);
			defaultConfigurationIsVisible = 0;
			defaultConfigurationName = Release;
		};
		8E6FE3222A39C9DD005ACE98 /* Build configuration list for PBXNativeTarget "StudentKit" */ = {
			isa = XCConfigurationList;
			buildConfigurations = (
				8E6FE3232A39C9DD005ACE98 /* Debug */,
				8E6FE3242A39C9DD005ACE98 /* Release */,
			);
			defaultConfigurationIsVisible = 0;
			defaultConfigurationName = Release;
		};
/* End XCConfigurationList section */
	};
	rootObject = 8E6FE3062A39C9D9005ACE98 /* Project object */;
}
