// !$*UTF8*$!
{
	archiveVersion = 1;
	classes = {
	};
	objectVersion = 56;
	objects = {

/* Begin PBXBuildFile section */
		8E6D83352AB5B0B000E98355 /* NotificationUIApp.swift in Sources */ = {isa = PBXBuildFile; fileRef = 8E6D83342AB5B0B000E98355 /* NotificationUIApp.swift */; };
		8E6D83372AB5B0B000E98355 /* LocalNotiView.swift in Sources */ = {isa = PBXBuildFile; fileRef = 8E6D83362AB5B0B000E98355 /* LocalNotiView.swift */; };
		8E6D83392AB5B0B100E98355 /* Assets.xcassets in Resources */ = {isa = PBXBuildFile; fileRef = 8E6D83382AB5B0B100E98355 /* Assets.xcassets */; };
		8E6D833C2AB5B0B100E98355 /* Preview Assets.xcassets in Resources */ = {isa = PBXBuildFile; fileRef = 8E6D833B2AB5B0B100E98355 /* Preview Assets.xcassets */; };
		8E6D83432AB5B0C000E98355 /* NotificationManager.swift in Sources */ = {isa = PBXBuildFile; fileRef = 8E6D83422AB5B0C000E98355 /* NotificationManager.swift */; };
		8E6D83452AB6E51700E98355 /* MainTabView.swift in Sources */ = {isa = PBXBuildFile; fileRef = 8E6D83442AB6E51700E98355 /* MainTabView.swift */; };
		8E6D83472AB6E59500E98355 /* PushNotiView.swift in Sources */ = {isa = PBXBuildFile; fileRef = 8E6D83462AB6E59500E98355 /* PushNotiView.swift */; };
		8E6D83492AB6E60600E98355 /* MainTab.swift in Sources */ = {isa = PBXBuildFile; fileRef = 8E6D83482AB6E60600E98355 /* MainTab.swift */; };
		8E6D834B2AB6E62900E98355 /* TabVM.swift in Sources */ = {isa = PBXBuildFile; fileRef = 8E6D834A2AB6E62900E98355 /* TabVM.swift */; };
		8E6D83512AB6E72500E98355 /* FirebaseAnalytics in Frameworks */ = {isa = PBXBuildFile; productRef = 8E6D83502AB6E72500E98355 /* FirebaseAnalytics */; };
		8E6D83532AB6E72500E98355 /* FirebaseMessaging in Frameworks */ = {isa = PBXBuildFile; productRef = 8E6D83522AB6E72500E98355 /* FirebaseMessaging */; };
		8E6D83572AB6EAEE00E98355 /* AppDelegate.swift in Sources */ = {isa = PBXBuildFile; fileRef = 8E6D83562AB6EAEE00E98355 /* AppDelegate.swift */; };
		8E6D83592AB6EE4D00E98355 /* GoogleService-Info.plist in Resources */ = {isa = PBXBuildFile; fileRef = 8E6D83582AB6EE4D00E98355 /* GoogleService-Info.plist */; };
/* End PBXBuildFile section */

/* Begin PBXFileReference section */
		8E6D83312AB5B0B000E98355 /* NotificationUI.app */ = {isa = PBXFileReference; explicitFileType = wrapper.application; includeInIndex = 0; path = NotificationUI.app; sourceTree = BUILT_PRODUCTS_DIR; };
		8E6D83342AB5B0B000E98355 /* NotificationUIApp.swift */ = {isa = PBXFileReference; lastKnownFileType = sourcecode.swift; path = NotificationUIApp.swift; sourceTree = "<group>"; };
		8E6D83362AB5B0B000E98355 /* LocalNotiView.swift */ = {isa = PBXFileReference; lastKnownFileType = sourcecode.swift; path = LocalNotiView.swift; sourceTree = "<group>"; };
		8E6D83382AB5B0B100E98355 /* Assets.xcassets */ = {isa = PBXFileReference; lastKnownFileType = folder.assetcatalog; path = Assets.xcassets; sourceTree = "<group>"; };
		8E6D833B2AB5B0B100E98355 /* Preview Assets.xcassets */ = {isa = PBXFileReference; lastKnownFileType = folder.assetcatalog; path = "Preview Assets.xcassets"; sourceTree = "<group>"; };
		8E6D83422AB5B0C000E98355 /* NotificationManager.swift */ = {isa = PBXFileReference; lastKnownFileType = sourcecode.swift; path = NotificationManager.swift; sourceTree = "<group>"; };
		8E6D83442AB6E51700E98355 /* MainTabView.swift */ = {isa = PBXFileReference; lastKnownFileType = sourcecode.swift; path = MainTabView.swift; sourceTree = "<group>"; };
		8E6D83462AB6E59500E98355 /* PushNotiView.swift */ = {isa = PBXFileReference; lastKnownFileType = sourcecode.swift; path = PushNotiView.swift; sourceTree = "<group>"; };
		8E6D83482AB6E60600E98355 /* MainTab.swift */ = {isa = PBXFileReference; lastKnownFileType = sourcecode.swift; path = MainTab.swift; sourceTree = "<group>"; };
		8E6D834A2AB6E62900E98355 /* TabVM.swift */ = {isa = PBXFileReference; lastKnownFileType = sourcecode.swift; path = TabVM.swift; sourceTree = "<group>"; };
		8E6D83542AB6E9EA00E98355 /* NotificationUI.entitlements */ = {isa = PBXFileReference; lastKnownFileType = text.plist.entitlements; path = NotificationUI.entitlements; sourceTree = "<group>"; };
		8E6D83552AB6E9F000E98355 /* Info.plist */ = {isa = PBXFileReference; lastKnownFileType = text.plist.xml; path = Info.plist; sourceTree = "<group>"; };
		8E6D83562AB6EAEE00E98355 /* AppDelegate.swift */ = {isa = PBXFileReference; lastKnownFileType = sourcecode.swift; path = AppDelegate.swift; sourceTree = "<group>"; };
		8E6D83582AB6EE4D00E98355 /* GoogleService-Info.plist */ = {isa = PBXFileReference; fileEncoding = 4; lastKnownFileType = text.plist.xml; path = "GoogleService-Info.plist"; sourceTree = "<group>"; };
/* End PBXFileReference section */

/* Begin PBXFrameworksBuildPhase section */
		8E6D832E2AB5B0B000E98355 /* Frameworks */ = {
			isa = PBXFrameworksBuildPhase;
			buildActionMask = 2147483647;
			files = (
				8E6D83532AB6E72500E98355 /* FirebaseMessaging in Frameworks */,
				8E6D83512AB6E72500E98355 /* FirebaseAnalytics in Frameworks */,
			);
			runOnlyForDeploymentPostprocessing = 0;
		};
/* End PBXFrameworksBuildPhase section */

/* Begin PBXGroup section */
		8E6D83282AB5B0B000E98355 = {
			isa = PBXGroup;
			children = (
				8E6D83332AB5B0B000E98355 /* NotificationUI */,
				8E6D83322AB5B0B000E98355 /* Products */,
			);
			sourceTree = "<group>";
		};
		8E6D83322AB5B0B000E98355 /* Products */ = {
			isa = PBXGroup;
			children = (
				8E6D83312AB5B0B000E98355 /* NotificationUI.app */,
			);
			name = Products;
			sourceTree = "<group>";
		};
		8E6D83332AB5B0B000E98355 /* NotificationUI */ = {
			isa = PBXGroup;
			children = (
				8E6D83542AB6E9EA00E98355 /* NotificationUI.entitlements */,
				8E6D835A2AB6EF6C00E98355 /* App */,
				8E6D834C2AB6E64E00E98355 /* MainTab */,
				8E6D834D2AB6E65700E98355 /* LocalNoti */,
				8E6D834E2AB6E65D00E98355 /* PushNoti */,
				8E6D835C2AB6EF9A00E98355 /* Utility */,
				8E6D835B2AB6EF7F00E98355 /* Resource */,
				8E6D833A2AB5B0B100E98355 /* Preview Content */,
			);
			path = NotificationUI;
			sourceTree = "<group>";
		};
		8E6D833A2AB5B0B100E98355 /* Preview Content */ = {
			isa = PBXGroup;
			children = (
				8E6D833B2AB5B0B100E98355 /* Preview Assets.xcassets */,
			);
			path = "Preview Content";
			sourceTree = "<group>";
		};
		8E6D834C2AB6E64E00E98355 /* MainTab */ = {
			isa = PBXGroup;
			children = (
				8E6D83442AB6E51700E98355 /* MainTabView.swift */,
				8E6D83482AB6E60600E98355 /* MainTab.swift */,
				8E6D834A2AB6E62900E98355 /* TabVM.swift */,
			);
			path = MainTab;
			sourceTree = "<group>";
		};
		8E6D834D2AB6E65700E98355 /* LocalNoti */ = {
			isa = PBXGroup;
			children = (
				8E6D83362AB5B0B000E98355 /* LocalNotiView.swift */,
				8E6D83422AB5B0C000E98355 /* NotificationManager.swift */,
			);
			path = LocalNoti;
			sourceTree = "<group>";
		};
		8E6D834E2AB6E65D00E98355 /* PushNoti */ = {
			isa = PBXGroup;
			children = (
				8E6D83462AB6E59500E98355 /* PushNotiView.swift */,
			);
			path = PushNoti;
			sourceTree = "<group>";
		};
		8E6D835A2AB6EF6C00E98355 /* App */ = {
			isa = PBXGroup;
			children = (
				8E6D83342AB5B0B000E98355 /* NotificationUIApp.swift */,
				8E6D83562AB6EAEE00E98355 /* AppDelegate.swift */,
			);
			path = App;
			sourceTree = "<group>";
		};
		8E6D835B2AB6EF7F00E98355 /* Resource */ = {
			isa = PBXGroup;
			children = (
				8E6D83382AB5B0B100E98355 /* Assets.xcassets */,
			);
			path = Resource;
			sourceTree = "<group>";
		};
		8E6D835C2AB6EF9A00E98355 /* Utility */ = {
			isa = PBXGroup;
			children = (
				8E6D83552AB6E9F000E98355 /* Info.plist */,
				8E6D83582AB6EE4D00E98355 /* GoogleService-Info.plist */,
			);
			path = Utility;
			sourceTree = "<group>";
		};
/* End PBXGroup section */

/* Begin PBXNativeTarget section */
		8E6D83302AB5B0B000E98355 /* NotificationUI */ = {
			isa = PBXNativeTarget;
			buildConfigurationList = 8E6D833F2AB5B0B100E98355 /* Build configuration list for PBXNativeTarget "NotificationUI" */;
			buildPhases = (
				8E6D832D2AB5B0B000E98355 /* Sources */,
				8E6D832E2AB5B0B000E98355 /* Frameworks */,
				8E6D832F2AB5B0B000E98355 /* Resources */,
			);
			buildRules = (
			);
			dependencies = (
			);
			name = NotificationUI;
			packageProductDependencies = (
				8E6D83502AB6E72500E98355 /* FirebaseAnalytics */,
				8E6D83522AB6E72500E98355 /* FirebaseMessaging */,
			);
			productName = NotificationUI;
			productReference = 8E6D83312AB5B0B000E98355 /* NotificationUI.app */;
			productType = "com.apple.product-type.application";
		};
/* End PBXNativeTarget section */

/* Begin PBXProject section */
		8E6D83292AB5B0B000E98355 /* Project object */ = {
			isa = PBXProject;
			attributes = {
				BuildIndependentTargetsInParallel = 1;
				LastSwiftUpdateCheck = 1430;
				LastUpgradeCheck = 1430;
				TargetAttributes = {
					8E6D83302AB5B0B000E98355 = {
						CreatedOnToolsVersion = 14.3.1;
					};
				};
			};
			buildConfigurationList = 8E6D832C2AB5B0B000E98355 /* Build configuration list for PBXProject "NotificationUI" */;
			compatibilityVersion = "Xcode 14.0";
			developmentRegion = en;
			hasScannedForEncodings = 0;
			knownRegions = (
				en,
				Base,
			);
			mainGroup = 8E6D83282AB5B0B000E98355;
			packageReferences = (
				8E6D834F2AB6E72500E98355 /* XCRemoteSwiftPackageReference "firebase-ios-sdk" */,
			);
			productRefGroup = 8E6D83322AB5B0B000E98355 /* Products */;
			projectDirPath = "";
			projectRoot = "";
			targets = (
				8E6D83302AB5B0B000E98355 /* NotificationUI */,
			);
		};
/* End PBXProject section */

/* Begin PBXResourcesBuildPhase section */
		8E6D832F2AB5B0B000E98355 /* Resources */ = {
			isa = PBXResourcesBuildPhase;
			buildActionMask = 2147483647;
			files = (
				8E6D833C2AB5B0B100E98355 /* Preview Assets.xcassets in Resources */,
				8E6D83392AB5B0B100E98355 /* Assets.xcassets in Resources */,
				8E6D83592AB6EE4D00E98355 /* GoogleService-Info.plist in Resources */,
			);
			runOnlyForDeploymentPostprocessing = 0;
		};
/* End PBXResourcesBuildPhase section */

/* Begin PBXSourcesBuildPhase section */
		8E6D832D2AB5B0B000E98355 /* Sources */ = {
			isa = PBXSourcesBuildPhase;
			buildActionMask = 2147483647;
			files = (
				8E6D83572AB6EAEE00E98355 /* AppDelegate.swift in Sources */,
				8E6D83432AB5B0C000E98355 /* NotificationManager.swift in Sources */,
				8E6D83472AB6E59500E98355 /* PushNotiView.swift in Sources */,
				8E6D83372AB5B0B000E98355 /* LocalNotiView.swift in Sources */,
				8E6D834B2AB6E62900E98355 /* TabVM.swift in Sources */,
				8E6D83352AB5B0B000E98355 /* NotificationUIApp.swift in Sources */,
				8E6D83492AB6E60600E98355 /* MainTab.swift in Sources */,
				8E6D83452AB6E51700E98355 /* MainTabView.swift in Sources */,
			);
			runOnlyForDeploymentPostprocessing = 0;
		};
/* End PBXSourcesBuildPhase section */

/* Begin XCBuildConfiguration section */
		8E6D833D2AB5B0B100E98355 /* Debug */ = {
			isa = XCBuildConfiguration;
			buildSettings = {
				ALWAYS_SEARCH_USER_PATHS = NO;
				CLANG_ANALYZER_NONNULL = YES;
				CLANG_ANALYZER_NUMBER_OBJECT_CONVERSION = YES_AGGRESSIVE;
				CLANG_CXX_LANGUAGE_STANDARD = "gnu++20";
				CLANG_ENABLE_MODULES = YES;
				CLANG_ENABLE_OBJC_ARC = YES;
				CLANG_ENABLE_OBJC_WEAK = YES;
				CLANG_WARN_BLOCK_CAPTURE_AUTORELEASING = YES;
				CLANG_WARN_BOOL_CONVERSION = YES;
				CLANG_WARN_COMMA = YES;
				CLANG_WARN_CONSTANT_CONVERSION = YES;
				CLANG_WARN_DEPRECATED_OBJC_IMPLEMENTATIONS = YES;
				CLANG_WARN_DIRECT_OBJC_ISA_USAGE = YES_ERROR;
				CLANG_WARN_DOCUMENTATION_COMMENTS = YES;
				CLANG_WARN_EMPTY_BODY = YES;
				CLANG_WARN_ENUM_CONVERSION = YES;
				CLANG_WARN_INFINITE_RECURSION = YES;
				CLANG_WARN_INT_CONVERSION = YES;
				CLANG_WARN_NON_LITERAL_NULL_CONVERSION = YES;
				CLANG_WARN_OBJC_IMPLICIT_RETAIN_SELF = YES;
				CLANG_WARN_OBJC_LITERAL_CONVERSION = YES;
				CLANG_WARN_OBJC_ROOT_CLASS = YES_ERROR;
				CLANG_WARN_QUOTED_INCLUDE_IN_FRAMEWORK_HEADER = YES;
				CLANG_WARN_RANGE_LOOP_ANALYSIS = YES;
				CLANG_WARN_STRICT_PROTOTYPES = YES;
				CLANG_WARN_SUSPICIOUS_MOVE = YES;
				CLANG_WARN_UNGUARDED_AVAILABILITY = YES_AGGRESSIVE;
				CLANG_WARN_UNREACHABLE_CODE = YES;
				CLANG_WARN__DUPLICATE_METHOD_MATCH = YES;
				COPY_PHASE_STRIP = NO;
				DEBUG_INFORMATION_FORMAT = dwarf;
				ENABLE_STRICT_OBJC_MSGSEND = YES;
				ENABLE_TESTABILITY = YES;
				GCC_C_LANGUAGE_STANDARD = gnu11;
				GCC_DYNAMIC_NO_PIC = NO;
				GCC_NO_COMMON_BLOCKS = YES;
				GCC_OPTIMIZATION_LEVEL = 0;
				GCC_PREPROCESSOR_DEFINITIONS = (
					"DEBUG=1",
					"$(inherited)",
				);
				GCC_WARN_64_TO_32_BIT_CONVERSION = YES;
				GCC_WARN_ABOUT_RETURN_TYPE = YES_ERROR;
				GCC_WARN_UNDECLARED_SELECTOR = YES;
				GCC_WARN_UNINITIALIZED_AUTOS = YES_AGGRESSIVE;
				GCC_WARN_UNUSED_FUNCTION = YES;
				GCC_WARN_UNUSED_VARIABLE = YES;
				IPHONEOS_DEPLOYMENT_TARGET = 16.4;
				MTL_ENABLE_DEBUG_INFO = INCLUDE_SOURCE;
				MTL_FAST_MATH = YES;
				ONLY_ACTIVE_ARCH = YES;
				SDKROOT = iphoneos;
				SWIFT_ACTIVE_COMPILATION_CONDITIONS = DEBUG;
				SWIFT_OPTIMIZATION_LEVEL = "-Onone";
			};
			name = Debug;
		};
		8E6D833E2AB5B0B100E98355 /* Release */ = {
			isa = XCBuildConfiguration;
			buildSettings = {
				ALWAYS_SEARCH_USER_PATHS = NO;
				CLANG_ANALYZER_NONNULL = YES;
				CLANG_ANALYZER_NUMBER_OBJECT_CONVERSION = YES_AGGRESSIVE;
				CLANG_CXX_LANGUAGE_STANDARD = "gnu++20";
				CLANG_ENABLE_MODULES = YES;
				CLANG_ENABLE_OBJC_ARC = YES;
				CLANG_ENABLE_OBJC_WEAK = YES;
				CLANG_WARN_BLOCK_CAPTURE_AUTORELEASING = YES;
				CLANG_WARN_BOOL_CONVERSION = YES;
				CLANG_WARN_COMMA = YES;
				CLANG_WARN_CONSTANT_CONVERSION = YES;
				CLANG_WARN_DEPRECATED_OBJC_IMPLEMENTATIONS = YES;
				CLANG_WARN_DIRECT_OBJC_ISA_USAGE = YES_ERROR;
				CLANG_WARN_DOCUMENTATION_COMMENTS = YES;
				CLANG_WARN_EMPTY_BODY = YES;
				CLANG_WARN_ENUM_CONVERSION = YES;
				CLANG_WARN_INFINITE_RECURSION = YES;
				CLANG_WARN_INT_CONVERSION = YES;
				CLANG_WARN_NON_LITERAL_NULL_CONVERSION = YES;
				CLANG_WARN_OBJC_IMPLICIT_RETAIN_SELF = YES;
				CLANG_WARN_OBJC_LITERAL_CONVERSION = YES;
				CLANG_WARN_OBJC_ROOT_CLASS = YES_ERROR;
				CLANG_WARN_QUOTED_INCLUDE_IN_FRAMEWORK_HEADER = YES;
				CLANG_WARN_RANGE_LOOP_ANALYSIS = YES;
				CLANG_WARN_STRICT_PROTOTYPES = YES;
				CLANG_WARN_SUSPICIOUS_MOVE = YES;
				CLANG_WARN_UNGUARDED_AVAILABILITY = YES_AGGRESSIVE;
				CLANG_WARN_UNREACHABLE_CODE = YES;
				CLANG_WARN__DUPLICATE_METHOD_MATCH = YES;
				COPY_PHASE_STRIP = NO;
				DEBUG_INFORMATION_FORMAT = "dwarf-with-dsym";
				ENABLE_NS_ASSERTIONS = NO;
				ENABLE_STRICT_OBJC_MSGSEND = YES;
				GCC_C_LANGUAGE_STANDARD = gnu11;
				GCC_NO_COMMON_BLOCKS = YES;
				GCC_WARN_64_TO_32_BIT_CONVERSION = YES;
				GCC_WARN_ABOUT_RETURN_TYPE = YES_ERROR;
				GCC_WARN_UNDECLARED_SELECTOR = YES;
				GCC_WARN_UNINITIALIZED_AUTOS = YES_AGGRESSIVE;
				GCC_WARN_UNUSED_FUNCTION = YES;
				GCC_WARN_UNUSED_VARIABLE = YES;
				IPHONEOS_DEPLOYMENT_TARGET = 16.4;
				MTL_ENABLE_DEBUG_INFO = NO;
				MTL_FAST_MATH = YES;
				SDKROOT = iphoneos;
				SWIFT_COMPILATION_MODE = wholemodule;
				SWIFT_OPTIMIZATION_LEVEL = "-O";
				VALIDATE_PRODUCT = YES;
			};
			name = Release;
		};
		8E6D83402AB5B0B100E98355 /* Debug */ = {
			isa = XCBuildConfiguration;
			buildSettings = {
				ASSETCATALOG_COMPILER_APPICON_NAME = AppIcon;
				ASSETCATALOG_COMPILER_GLOBAL_ACCENT_COLOR_NAME = AccentColor;
				CODE_SIGN_ENTITLEMENTS = NotificationUI/NotificationUI.entitlements;
				CODE_SIGN_IDENTITY = "Apple Development";
				CODE_SIGN_STYLE = Automatic;
				CURRENT_PROJECT_VERSION = 1;
				DEVELOPMENT_ASSET_PATHS = "\"NotificationUI/Preview Content\"";
				DEVELOPMENT_TEAM = ASU4PNB5MG;
				ENABLE_PREVIEWS = YES;
				GENERATE_INFOPLIST_FILE = YES;
				INFOPLIST_FILE = NotificationUI/Info.plist;
				INFOPLIST_KEY_UIApplicationSceneManifest_Generation = YES;
				INFOPLIST_KEY_UIApplicationSupportsIndirectInputEvents = YES;
				INFOPLIST_KEY_UILaunchScreen_Generation = YES;
				INFOPLIST_KEY_UISupportedInterfaceOrientations_iPad = "UIInterfaceOrientationPortrait UIInterfaceOrientationPortraitUpsideDown UIInterfaceOrientationLandscapeLeft UIInterfaceOrientationLandscapeRight";
				INFOPLIST_KEY_UISupportedInterfaceOrientations_iPhone = "UIInterfaceOrientationPortrait UIInterfaceOrientationLandscapeLeft UIInterfaceOrientationLandscapeRight";
				LD_RUNPATH_SEARCH_PATHS = (
					"$(inherited)",
					"@executable_path/Frameworks",
				);
				MARKETING_VERSION = 1.0;
				PRODUCT_BUNDLE_IDENTIFIER = com.GeonSeobKim.NotificationUI;
				PRODUCT_NAME = "$(TARGET_NAME)";
				PROVISIONING_PROFILE_SPECIFIER = "";
				SWIFT_EMIT_LOC_STRINGS = YES;
				SWIFT_VERSION = 5.0;
				TARGETED_DEVICE_FAMILY = "1,2";
			};
			name = Debug;
		};
		8E6D83412AB5B0B100E98355 /* Release */ = {
			isa = XCBuildConfiguration;
			buildSettings = {
				ASSETCATALOG_COMPILER_APPICON_NAME = AppIcon;
				ASSETCATALOG_COMPILER_GLOBAL_ACCENT_COLOR_NAME = AccentColor;
				CODE_SIGN_ENTITLEMENTS = NotificationUI/NotificationUI.entitlements;
				CODE_SIGN_IDENTITY = "Apple Development";
				CODE_SIGN_STYLE = Automatic;
				CURRENT_PROJECT_VERSION = 1;
				DEVELOPMENT_ASSET_PATHS = "\"NotificationUI/Preview Content\"";
				DEVELOPMENT_TEAM = ASU4PNB5MG;
				ENABLE_PREVIEWS = YES;
				GENERATE_INFOPLIST_FILE = YES;
				INFOPLIST_FILE = NotificationUI/Info.plist;
				INFOPLIST_KEY_UIApplicationSceneManifest_Generation = YES;
				INFOPLIST_KEY_UIApplicationSupportsIndirectInputEvents = YES;
				INFOPLIST_KEY_UILaunchScreen_Generation = YES;
				INFOPLIST_KEY_UISupportedInterfaceOrientations_iPad = "UIInterfaceOrientationPortrait UIInterfaceOrientationPortraitUpsideDown UIInterfaceOrientationLandscapeLeft UIInterfaceOrientationLandscapeRight";
				INFOPLIST_KEY_UISupportedInterfaceOrientations_iPhone = "UIInterfaceOrientationPortrait UIInterfaceOrientationLandscapeLeft UIInterfaceOrientationLandscapeRight";
				LD_RUNPATH_SEARCH_PATHS = (
					"$(inherited)",
					"@executable_path/Frameworks",
				);
				MARKETING_VERSION = 1.0;
				PRODUCT_BUNDLE_IDENTIFIER = com.GeonSeobKim.NotificationUI;
				PRODUCT_NAME = "$(TARGET_NAME)";
				PROVISIONING_PROFILE_SPECIFIER = "";
				SWIFT_EMIT_LOC_STRINGS = YES;
				SWIFT_VERSION = 5.0;
				TARGETED_DEVICE_FAMILY = "1,2";
			};
			name = Release;
		};
/* End XCBuildConfiguration section */

/* Begin XCConfigurationList section */
		8E6D832C2AB5B0B000E98355 /* Build configuration list for PBXProject "NotificationUI" */ = {
			isa = XCConfigurationList;
			buildConfigurations = (
				8E6D833D2AB5B0B100E98355 /* Debug */,
				8E6D833E2AB5B0B100E98355 /* Release */,
			);
			defaultConfigurationIsVisible = 0;
			defaultConfigurationName = Release;
		};
		8E6D833F2AB5B0B100E98355 /* Build configuration list for PBXNativeTarget "NotificationUI" */ = {
			isa = XCConfigurationList;
			buildConfigurations = (
				8E6D83402AB5B0B100E98355 /* Debug */,
				8E6D83412AB5B0B100E98355 /* Release */,
			);
			defaultConfigurationIsVisible = 0;
			defaultConfigurationName = Release;
		};
/* End XCConfigurationList section */

/* Begin XCRemoteSwiftPackageReference section */
		8E6D834F2AB6E72500E98355 /* XCRemoteSwiftPackageReference "firebase-ios-sdk" */ = {
			isa = XCRemoteSwiftPackageReference;
			repositoryURL = "https://github.com/firebase/firebase-ios-sdk";
			requirement = {
				kind = upToNextMajorVersion;
				minimumVersion = 10.0.0;
			};
		};
/* End XCRemoteSwiftPackageReference section */

/* Begin XCSwiftPackageProductDependency section */
		8E6D83502AB6E72500E98355 /* FirebaseAnalytics */ = {
			isa = XCSwiftPackageProductDependency;
			package = 8E6D834F2AB6E72500E98355 /* XCRemoteSwiftPackageReference "firebase-ios-sdk" */;
			productName = FirebaseAnalytics;
		};
		8E6D83522AB6E72500E98355 /* FirebaseMessaging */ = {
			isa = XCSwiftPackageProductDependency;
			package = 8E6D834F2AB6E72500E98355 /* XCRemoteSwiftPackageReference "firebase-ios-sdk" */;
			productName = FirebaseMessaging;
		};
/* End XCSwiftPackageProductDependency section */
	};
	rootObject = 8E6D83292AB5B0B000E98355 /* Project object */;
}
