// !$*UTF8*$!
{
	archiveVersion = 1;
	classes = {
	};
	objectVersion = 56;
	objects = {

/* Begin PBXBuildFile section */
		BED78D0D2B6E336A00158E6C /* AppDelegate.swift in Sources */ = {isa = PBXBuildFile; fileRef = BED78D0C2B6E336A00158E6C /* AppDelegate.swift */; };
		BED78D0F2B6E336A00158E6C /* SceneDelegate.swift in Sources */ = {isa = PBXBuildFile; fileRef = BED78D0E2B6E336A00158E6C /* SceneDelegate.swift */; };
		BED78D112B6E336A00158E6C /* ViewController.swift in Sources */ = {isa = PBXBuildFile; fileRef = BED78D102B6E336A00158E6C /* ViewController.swift */; };
		BED78D162B6E336C00158E6C /* Assets.xcassets in Resources */ = {isa = PBXBuildFile; fileRef = BED78D152B6E336C00158E6C /* Assets.xcassets */; };
		BED78D192B6E336C00158E6C /* LaunchScreen.storyboard in Resources */ = {isa = PBXBuildFile; fileRef = BED78D172B6E336C00158E6C /* LaunchScreen.storyboard */; };
		BED78D222B6E341500158E6C /* KakaoMapsSDK_SPM in Frameworks */ = {isa = PBXBuildFile; productRef = BED78D212B6E341500158E6C /* KakaoMapsSDK_SPM */; };
		BED78D262B6E412F00158E6C /* RxBlocking in Frameworks */ = {isa = PBXBuildFile; productRef = BED78D252B6E412F00158E6C /* RxBlocking */; };
		BED78D282B6E412F00158E6C /* RxBlocking-Dynamic in Frameworks */ = {isa = PBXBuildFile; productRef = BED78D272B6E412F00158E6C /* RxBlocking-Dynamic */; };
		BED78D2A2B6E412F00158E6C /* RxCocoa in Frameworks */ = {isa = PBXBuildFile; productRef = BED78D292B6E412F00158E6C /* RxCocoa */; };
		BED78D2C2B6E412F00158E6C /* RxCocoa-Dynamic in Frameworks */ = {isa = PBXBuildFile; productRef = BED78D2B2B6E412F00158E6C /* RxCocoa-Dynamic */; };
		BED78D2E2B6E412F00158E6C /* RxRelay in Frameworks */ = {isa = PBXBuildFile; productRef = BED78D2D2B6E412F00158E6C /* RxRelay */; };
		BED78D302B6E412F00158E6C /* RxRelay-Dynamic in Frameworks */ = {isa = PBXBuildFile; productRef = BED78D2F2B6E412F00158E6C /* RxRelay-Dynamic */; };
		BED78D322B6E412F00158E6C /* RxSwift in Frameworks */ = {isa = PBXBuildFile; productRef = BED78D312B6E412F00158E6C /* RxSwift */; };
		BED78D342B6E412F00158E6C /* RxSwift-Dynamic in Frameworks */ = {isa = PBXBuildFile; productRef = BED78D332B6E412F00158E6C /* RxSwift-Dynamic */; };
		BED78D362B6E426100158E6C /* ViewModel.swift in Sources */ = {isa = PBXBuildFile; fileRef = BED78D352B6E426100158E6C /* ViewModel.swift */; };
		BED78D3F2B6F904B00158E6C /* BusStopListRepository.swift in Sources */ = {isa = PBXBuildFile; fileRef = BED78D3E2B6F904B00158E6C /* BusStopListRepository.swift */; };
		BED78D412B6F907700158E6C /* BusStopInfoResponse.swift in Sources */ = {isa = PBXBuildFile; fileRef = BED78D402B6F907700158E6C /* BusStopInfoResponse.swift */; };
		BED78D432B6F90AA00158E6C /* BusStopListDTO.swift in Sources */ = {isa = PBXBuildFile; fileRef = BED78D422B6F90AA00158E6C /* BusStopListDTO.swift */; };
/* End PBXBuildFile section */

/* Begin PBXFileReference section */
		BED78D092B6E336A00158E6C /* KakaoMapKit.app */ = {isa = PBXFileReference; explicitFileType = wrapper.application; includeInIndex = 0; path = KakaoMapKit.app; sourceTree = BUILT_PRODUCTS_DIR; };
		BED78D0C2B6E336A00158E6C /* AppDelegate.swift */ = {isa = PBXFileReference; lastKnownFileType = sourcecode.swift; path = AppDelegate.swift; sourceTree = "<group>"; };
		BED78D0E2B6E336A00158E6C /* SceneDelegate.swift */ = {isa = PBXFileReference; lastKnownFileType = sourcecode.swift; path = SceneDelegate.swift; sourceTree = "<group>"; };
		BED78D102B6E336A00158E6C /* ViewController.swift */ = {isa = PBXFileReference; lastKnownFileType = sourcecode.swift; path = ViewController.swift; sourceTree = "<group>"; };
		BED78D152B6E336C00158E6C /* Assets.xcassets */ = {isa = PBXFileReference; lastKnownFileType = folder.assetcatalog; path = Assets.xcassets; sourceTree = "<group>"; };
		BED78D182B6E336C00158E6C /* Base */ = {isa = PBXFileReference; lastKnownFileType = file.storyboard; name = Base; path = Base.lproj/LaunchScreen.storyboard; sourceTree = "<group>"; };
		BED78D1A2B6E336C00158E6C /* Info.plist */ = {isa = PBXFileReference; lastKnownFileType = text.plist.xml; path = Info.plist; sourceTree = "<group>"; };
		BED78D232B6E34A300158E6C /* Secrets.xcconfig */ = {isa = PBXFileReference; lastKnownFileType = text.xcconfig; path = Secrets.xcconfig; sourceTree = "<group>"; };
		BED78D352B6E426100158E6C /* ViewModel.swift */ = {isa = PBXFileReference; lastKnownFileType = sourcecode.swift; path = ViewModel.swift; sourceTree = "<group>"; };
		BED78D3D2B6F900400158E6C /* stationList.json */ = {isa = PBXFileReference; lastKnownFileType = text.json; path = stationList.json; sourceTree = "<group>"; };
		BED78D3E2B6F904B00158E6C /* BusStopListRepository.swift */ = {isa = PBXFileReference; lastKnownFileType = sourcecode.swift; path = BusStopListRepository.swift; sourceTree = "<group>"; };
		BED78D402B6F907700158E6C /* BusStopInfoResponse.swift */ = {isa = PBXFileReference; lastKnownFileType = sourcecode.swift; path = BusStopInfoResponse.swift; sourceTree = "<group>"; };
		BED78D422B6F90AA00158E6C /* BusStopListDTO.swift */ = {isa = PBXFileReference; lastKnownFileType = sourcecode.swift; path = BusStopListDTO.swift; sourceTree = "<group>"; };
/* End PBXFileReference section */

/* Begin PBXFrameworksBuildPhase section */
		BED78D062B6E336A00158E6C /* Frameworks */ = {
			isa = PBXFrameworksBuildPhase;
			buildActionMask = 2147483647;
			files = (
				BED78D2E2B6E412F00158E6C /* RxRelay in Frameworks */,
				BED78D342B6E412F00158E6C /* RxSwift-Dynamic in Frameworks */,
				BED78D282B6E412F00158E6C /* RxBlocking-Dynamic in Frameworks */,
				BED78D2C2B6E412F00158E6C /* RxCocoa-Dynamic in Frameworks */,
				BED78D222B6E341500158E6C /* KakaoMapsSDK_SPM in Frameworks */,
				BED78D2A2B6E412F00158E6C /* RxCocoa in Frameworks */,
				BED78D302B6E412F00158E6C /* RxRelay-Dynamic in Frameworks */,
				BED78D322B6E412F00158E6C /* RxSwift in Frameworks */,
				BED78D262B6E412F00158E6C /* RxBlocking in Frameworks */,
			);
			runOnlyForDeploymentPostprocessing = 0;
		};
/* End PBXFrameworksBuildPhase section */

/* Begin PBXGroup section */
		BED78D002B6E336A00158E6C = {
			isa = PBXGroup;
			children = (
				BED78D0B2B6E336A00158E6C /* KakaoMapKit */,
				BED78D0A2B6E336A00158E6C /* Products */,
			);
			sourceTree = "<group>";
		};
		BED78D0A2B6E336A00158E6C /* Products */ = {
			isa = PBXGroup;
			children = (
				BED78D092B6E336A00158E6C /* KakaoMapKit.app */,
			);
			name = Products;
			sourceTree = "<group>";
		};
		BED78D0B2B6E336A00158E6C /* KakaoMapKit */ = {
			isa = PBXGroup;
			children = (
				BED78D0C2B6E336A00158E6C /* AppDelegate.swift */,
				BED78D0E2B6E336A00158E6C /* SceneDelegate.swift */,
				BED78D102B6E336A00158E6C /* ViewController.swift */,
				BED78D352B6E426100158E6C /* ViewModel.swift */,
				BED78D3E2B6F904B00158E6C /* BusStopListRepository.swift */,
				BED78D422B6F90AA00158E6C /* BusStopListDTO.swift */,
				BED78D402B6F907700158E6C /* BusStopInfoResponse.swift */,
				BED78D152B6E336C00158E6C /* Assets.xcassets */,
				BED78D172B6E336C00158E6C /* LaunchScreen.storyboard */,
				BED78D1A2B6E336C00158E6C /* Info.plist */,
				BED78D232B6E34A300158E6C /* Secrets.xcconfig */,
				BED78D3D2B6F900400158E6C /* stationList.json */,
			);
			path = KakaoMapKit;
			sourceTree = "<group>";
		};
/* End PBXGroup section */

/* Begin PBXNativeTarget section */
		BED78D082B6E336A00158E6C /* KakaoMapKit */ = {
			isa = PBXNativeTarget;
			buildConfigurationList = BED78D1D2B6E336C00158E6C /* Build configuration list for PBXNativeTarget "KakaoMapKit" */;
			buildPhases = (
				BED78D052B6E336A00158E6C /* Sources */,
				BED78D062B6E336A00158E6C /* Frameworks */,
				BED78D072B6E336A00158E6C /* Resources */,
			);
			buildRules = (
			);
			dependencies = (
			);
			name = KakaoMapKit;
			packageProductDependencies = (
				BED78D212B6E341500158E6C /* KakaoMapsSDK_SPM */,
				BED78D252B6E412F00158E6C /* RxBlocking */,
				BED78D272B6E412F00158E6C /* RxBlocking-Dynamic */,
				BED78D292B6E412F00158E6C /* RxCocoa */,
				BED78D2B2B6E412F00158E6C /* RxCocoa-Dynamic */,
				BED78D2D2B6E412F00158E6C /* RxRelay */,
				BED78D2F2B6E412F00158E6C /* RxRelay-Dynamic */,
				BED78D312B6E412F00158E6C /* RxSwift */,
				BED78D332B6E412F00158E6C /* RxSwift-Dynamic */,
			);
			productName = KakaoMapKit;
			productReference = BED78D092B6E336A00158E6C /* KakaoMapKit.app */;
			productType = "com.apple.product-type.application";
		};
/* End PBXNativeTarget section */

/* Begin PBXProject section */
		BED78D012B6E336A00158E6C /* Project object */ = {
			isa = PBXProject;
			attributes = {
				BuildIndependentTargetsInParallel = 1;
				LastSwiftUpdateCheck = 1520;
				LastUpgradeCheck = 1520;
				TargetAttributes = {
					BED78D082B6E336A00158E6C = {
						CreatedOnToolsVersion = 15.2;
					};
				};
			};
			buildConfigurationList = BED78D042B6E336A00158E6C /* Build configuration list for PBXProject "KakaoMapKit" */;
			compatibilityVersion = "Xcode 14.0";
			developmentRegion = en;
			hasScannedForEncodings = 0;
			knownRegions = (
				en,
				Base,
			);
			mainGroup = BED78D002B6E336A00158E6C;
			packageReferences = (
				BED78D202B6E341500158E6C /* XCRemoteSwiftPackageReference "KakaoMapsSDK-SPM" */,
				BED78D242B6E412F00158E6C /* XCRemoteSwiftPackageReference "RxSwift" */,
			);
			productRefGroup = BED78D0A2B6E336A00158E6C /* Products */;
			projectDirPath = "";
			projectRoot = "";
			targets = (
				BED78D082B6E336A00158E6C /* KakaoMapKit */,
			);
		};
/* End PBXProject section */

/* Begin PBXResourcesBuildPhase section */
		BED78D072B6E336A00158E6C /* Resources */ = {
			isa = PBXResourcesBuildPhase;
			buildActionMask = 2147483647;
			files = (
				BED78D192B6E336C00158E6C /* LaunchScreen.storyboard in Resources */,
				BED78D162B6E336C00158E6C /* Assets.xcassets in Resources */,
			);
			runOnlyForDeploymentPostprocessing = 0;
		};
/* End PBXResourcesBuildPhase section */

/* Begin PBXSourcesBuildPhase section */
		BED78D052B6E336A00158E6C /* Sources */ = {
			isa = PBXSourcesBuildPhase;
			buildActionMask = 2147483647;
			files = (
				BED78D112B6E336A00158E6C /* ViewController.swift in Sources */,
				BED78D412B6F907700158E6C /* BusStopInfoResponse.swift in Sources */,
				BED78D0D2B6E336A00158E6C /* AppDelegate.swift in Sources */,
				BED78D362B6E426100158E6C /* ViewModel.swift in Sources */,
				BED78D432B6F90AA00158E6C /* BusStopListDTO.swift in Sources */,
				BED78D3F2B6F904B00158E6C /* BusStopListRepository.swift in Sources */,
				BED78D0F2B6E336A00158E6C /* SceneDelegate.swift in Sources */,
			);
			runOnlyForDeploymentPostprocessing = 0;
		};
/* End PBXSourcesBuildPhase section */

/* Begin PBXVariantGroup section */
		BED78D172B6E336C00158E6C /* LaunchScreen.storyboard */ = {
			isa = PBXVariantGroup;
			children = (
				BED78D182B6E336C00158E6C /* Base */,
			);
			name = LaunchScreen.storyboard;
			sourceTree = "<group>";
		};
/* End PBXVariantGroup section */

/* Begin XCBuildConfiguration section */
		BED78D1B2B6E336C00158E6C /* Debug */ = {
			isa = XCBuildConfiguration;
			buildSettings = {
				ALWAYS_SEARCH_USER_PATHS = NO;
				ASSETCATALOG_COMPILER_GENERATE_SWIFT_ASSET_SYMBOL_EXTENSIONS = YES;
				CLANG_ANALYZER_NONNULL = YES;
				CLANG_ANALYZER_NUMBER_OBJECT_CONVERSION = YES_AGGRESSIVE;
				CLANG_CXX_LANGUAGE_STANDARD = "gnu++20";
				CLANG_ENABLE_MODULES = YES;
				CLANG_ENABLE_OBJC_ARC = YES;
				CLANG_ENABLE_OBJC_WEAK = YES;
				CLANG_WARN_BLOCK_CAPTURE_AUTORELEASING = YES;
				CLANG_WARN_BOOL_CONVERSION = YES;
				CLANG_WARN_COMMA = YES;
				CLANG_WARN_CONSTANT_CONVERSION = YES;
				CLANG_WARN_DEPRECATED_OBJC_IMPLEMENTATIONS = YES;
				CLANG_WARN_DIRECT_OBJC_ISA_USAGE = YES_ERROR;
				CLANG_WARN_DOCUMENTATION_COMMENTS = YES;
				CLANG_WARN_EMPTY_BODY = YES;
				CLANG_WARN_ENUM_CONVERSION = YES;
				CLANG_WARN_INFINITE_RECURSION = YES;
				CLANG_WARN_INT_CONVERSION = YES;
				CLANG_WARN_NON_LITERAL_NULL_CONVERSION = YES;
				CLANG_WARN_OBJC_IMPLICIT_RETAIN_SELF = YES;
				CLANG_WARN_OBJC_LITERAL_CONVERSION = YES;
				CLANG_WARN_OBJC_ROOT_CLASS = YES_ERROR;
				CLANG_WARN_QUOTED_INCLUDE_IN_FRAMEWORK_HEADER = YES;
				CLANG_WARN_RANGE_LOOP_ANALYSIS = YES;
				CLANG_WARN_STRICT_PROTOTYPES = YES;
				CLANG_WARN_SUSPICIOUS_MOVE = YES;
				CLANG_WARN_UNGUARDED_AVAILABILITY = YES_AGGRESSIVE;
				CLANG_WARN_UNREACHABLE_CODE = YES;
				CLANG_WARN__DUPLICATE_METHOD_MATCH = YES;
				COPY_PHASE_STRIP = NO;
				DEBUG_INFORMATION_FORMAT = dwarf;
				ENABLE_STRICT_OBJC_MSGSEND = YES;
				ENABLE_TESTABILITY = YES;
				ENABLE_USER_SCRIPT_SANDBOXING = YES;
				GCC_C_LANGUAGE_STANDARD = gnu17;
				GCC_DYNAMIC_NO_PIC = NO;
				GCC_NO_COMMON_BLOCKS = YES;
				GCC_OPTIMIZATION_LEVEL = 0;
				GCC_PREPROCESSOR_DEFINITIONS = (
					"DEBUG=1",
					"$(inherited)",
				);
				GCC_WARN_64_TO_32_BIT_CONVERSION = YES;
				GCC_WARN_ABOUT_RETURN_TYPE = YES_ERROR;
				GCC_WARN_UNDECLARED_SELECTOR = YES;
				GCC_WARN_UNINITIALIZED_AUTOS = YES_AGGRESSIVE;
				GCC_WARN_UNUSED_FUNCTION = YES;
				GCC_WARN_UNUSED_VARIABLE = YES;
				IPHONEOS_DEPLOYMENT_TARGET = 17.2;
				LOCALIZATION_PREFERS_STRING_CATALOGS = YES;
				MTL_ENABLE_DEBUG_INFO = INCLUDE_SOURCE;
				MTL_FAST_MATH = YES;
				ONLY_ACTIVE_ARCH = YES;
				SDKROOT = iphoneos;
				SWIFT_ACTIVE_COMPILATION_CONDITIONS = "DEBUG $(inherited)";
				SWIFT_OPTIMIZATION_LEVEL = "-Onone";
			};
			name = Debug;
		};
		BED78D1C2B6E336C00158E6C /* Release */ = {
			isa = XCBuildConfiguration;
			buildSettings = {
				ALWAYS_SEARCH_USER_PATHS = NO;
				ASSETCATALOG_COMPILER_GENERATE_SWIFT_ASSET_SYMBOL_EXTENSIONS = YES;
				CLANG_ANALYZER_NONNULL = YES;
				CLANG_ANALYZER_NUMBER_OBJECT_CONVERSION = YES_AGGRESSIVE;
				CLANG_CXX_LANGUAGE_STANDARD = "gnu++20";
				CLANG_ENABLE_MODULES = YES;
				CLANG_ENABLE_OBJC_ARC = YES;
				CLANG_ENABLE_OBJC_WEAK = YES;
				CLANG_WARN_BLOCK_CAPTURE_AUTORELEASING = YES;
				CLANG_WARN_BOOL_CONVERSION = YES;
				CLANG_WARN_COMMA = YES;
				CLANG_WARN_CONSTANT_CONVERSION = YES;
				CLANG_WARN_DEPRECATED_OBJC_IMPLEMENTATIONS = YES;
				CLANG_WARN_DIRECT_OBJC_ISA_USAGE = YES_ERROR;
				CLANG_WARN_DOCUMENTATION_COMMENTS = YES;
				CLANG_WARN_EMPTY_BODY = YES;
				CLANG_WARN_ENUM_CONVERSION = YES;
				CLANG_WARN_INFINITE_RECURSION = YES;
				CLANG_WARN_INT_CONVERSION = YES;
				CLANG_WARN_NON_LITERAL_NULL_CONVERSION = YES;
				CLANG_WARN_OBJC_IMPLICIT_RETAIN_SELF = YES;
				CLANG_WARN_OBJC_LITERAL_CONVERSION = YES;
				CLANG_WARN_OBJC_ROOT_CLASS = YES_ERROR;
				CLANG_WARN_QUOTED_INCLUDE_IN_FRAMEWORK_HEADER = YES;
				CLANG_WARN_RANGE_LOOP_ANALYSIS = YES;
				CLANG_WARN_STRICT_PROTOTYPES = YES;
				CLANG_WARN_SUSPICIOUS_MOVE = YES;
				CLANG_WARN_UNGUARDED_AVAILABILITY = YES_AGGRESSIVE;
				CLANG_WARN_UNREACHABLE_CODE = YES;
				CLANG_WARN__DUPLICATE_METHOD_MATCH = YES;
				COPY_PHASE_STRIP = NO;
				DEBUG_INFORMATION_FORMAT = "dwarf-with-dsym";
				ENABLE_NS_ASSERTIONS = NO;
				ENABLE_STRICT_OBJC_MSGSEND = YES;
				ENABLE_USER_SCRIPT_SANDBOXING = YES;
				GCC_C_LANGUAGE_STANDARD = gnu17;
				GCC_NO_COMMON_BLOCKS = YES;
				GCC_WARN_64_TO_32_BIT_CONVERSION = YES;
				GCC_WARN_ABOUT_RETURN_TYPE = YES_ERROR;
				GCC_WARN_UNDECLARED_SELECTOR = YES;
				GCC_WARN_UNINITIALIZED_AUTOS = YES_AGGRESSIVE;
				GCC_WARN_UNUSED_FUNCTION = YES;
				GCC_WARN_UNUSED_VARIABLE = YES;
				IPHONEOS_DEPLOYMENT_TARGET = 17.2;
				LOCALIZATION_PREFERS_STRING_CATALOGS = YES;
				MTL_ENABLE_DEBUG_INFO = NO;
				MTL_FAST_MATH = YES;
				SDKROOT = iphoneos;
				SWIFT_COMPILATION_MODE = wholemodule;
				VALIDATE_PRODUCT = YES;
			};
			name = Release;
		};
		BED78D1E2B6E336C00158E6C /* Debug */ = {
			isa = XCBuildConfiguration;
			buildSettings = {
				ASSETCATALOG_COMPILER_APPICON_NAME = AppIcon;
				ASSETCATALOG_COMPILER_GLOBAL_ACCENT_COLOR_NAME = AccentColor;
				CODE_SIGN_STYLE = Automatic;
				CURRENT_PROJECT_VERSION = 1;
				DEVELOPMENT_TEAM = ASU4PNB5MG;
				GENERATE_INFOPLIST_FILE = YES;
				INFOPLIST_FILE = KakaoMapKit/Info.plist;
				INFOPLIST_KEY_UIApplicationSupportsIndirectInputEvents = YES;
				INFOPLIST_KEY_UILaunchStoryboardName = LaunchScreen;
				INFOPLIST_KEY_UISupportedInterfaceOrientations_iPad = "UIInterfaceOrientationPortrait UIInterfaceOrientationPortraitUpsideDown UIInterfaceOrientationLandscapeLeft UIInterfaceOrientationLandscapeRight";
				INFOPLIST_KEY_UISupportedInterfaceOrientations_iPhone = "UIInterfaceOrientationPortrait UIInterfaceOrientationLandscapeLeft UIInterfaceOrientationLandscapeRight";
				LD_RUNPATH_SEARCH_PATHS = (
					"$(inherited)",
					"@executable_path/Frameworks",
				);
				MARKETING_VERSION = 1.0;
				PRODUCT_BUNDLE_IDENTIFIER = com.gnksbm.KakaoMapKit;
				PRODUCT_NAME = "$(TARGET_NAME)";
				SWIFT_EMIT_LOC_STRINGS = YES;
				SWIFT_VERSION = 5.0;
				TARGETED_DEVICE_FAMILY = "1,2";
			};
			name = Debug;
		};
		BED78D1F2B6E336C00158E6C /* Release */ = {
			isa = XCBuildConfiguration;
			buildSettings = {
				ASSETCATALOG_COMPILER_APPICON_NAME = AppIcon;
				ASSETCATALOG_COMPILER_GLOBAL_ACCENT_COLOR_NAME = AccentColor;
				CODE_SIGN_STYLE = Automatic;
				CURRENT_PROJECT_VERSION = 1;
				DEVELOPMENT_TEAM = ASU4PNB5MG;
				GENERATE_INFOPLIST_FILE = YES;
				INFOPLIST_FILE = KakaoMapKit/Info.plist;
				INFOPLIST_KEY_UIApplicationSupportsIndirectInputEvents = YES;
				INFOPLIST_KEY_UILaunchStoryboardName = LaunchScreen;
				INFOPLIST_KEY_UISupportedInterfaceOrientations_iPad = "UIInterfaceOrientationPortrait UIInterfaceOrientationPortraitUpsideDown UIInterfaceOrientationLandscapeLeft UIInterfaceOrientationLandscapeRight";
				INFOPLIST_KEY_UISupportedInterfaceOrientations_iPhone = "UIInterfaceOrientationPortrait UIInterfaceOrientationLandscapeLeft UIInterfaceOrientationLandscapeRight";
				LD_RUNPATH_SEARCH_PATHS = (
					"$(inherited)",
					"@executable_path/Frameworks",
				);
				MARKETING_VERSION = 1.0;
				PRODUCT_BUNDLE_IDENTIFIER = com.gnksbm.KakaoMapKit;
				PRODUCT_NAME = "$(TARGET_NAME)";
				SWIFT_EMIT_LOC_STRINGS = YES;
				SWIFT_VERSION = 5.0;
				TARGETED_DEVICE_FAMILY = "1,2";
			};
			name = Release;
		};
/* End XCBuildConfiguration section */

/* Begin XCConfigurationList section */
		BED78D042B6E336A00158E6C /* Build configuration list for PBXProject "KakaoMapKit" */ = {
			isa = XCConfigurationList;
			buildConfigurations = (
				BED78D1B2B6E336C00158E6C /* Debug */,
				BED78D1C2B6E336C00158E6C /* Release */,
			);
			defaultConfigurationIsVisible = 0;
			defaultConfigurationName = Release;
		};
		BED78D1D2B6E336C00158E6C /* Build configuration list for PBXNativeTarget "KakaoMapKit" */ = {
			isa = XCConfigurationList;
			buildConfigurations = (
				BED78D1E2B6E336C00158E6C /* Debug */,
				BED78D1F2B6E336C00158E6C /* Release */,
			);
			defaultConfigurationIsVisible = 0;
			defaultConfigurationName = Release;
		};
/* End XCConfigurationList section */

/* Begin XCRemoteSwiftPackageReference section */
		BED78D202B6E341500158E6C /* XCRemoteSwiftPackageReference "KakaoMapsSDK-SPM" */ = {
			isa = XCRemoteSwiftPackageReference;
			repositoryURL = "https://github.com/kakao-mapsSDK/KakaoMapsSDK-SPM";
			requirement = {
				kind = upToNextMajorVersion;
				minimumVersion = 2.8.5;
			};
		};
		BED78D242B6E412F00158E6C /* XCRemoteSwiftPackageReference "RxSwift" */ = {
			isa = XCRemoteSwiftPackageReference;
			repositoryURL = "https://github.com/ReactiveX/RxSwift";
			requirement = {
				kind = upToNextMajorVersion;
				minimumVersion = 6.6.0;
			};
		};
/* End XCRemoteSwiftPackageReference section */

/* Begin XCSwiftPackageProductDependency section */
		BED78D212B6E341500158E6C /* KakaoMapsSDK_SPM */ = {
			isa = XCSwiftPackageProductDependency;
			package = BED78D202B6E341500158E6C /* XCRemoteSwiftPackageReference "KakaoMapsSDK-SPM" */;
			productName = KakaoMapsSDK_SPM;
		};
		BED78D252B6E412F00158E6C /* RxBlocking */ = {
			isa = XCSwiftPackageProductDependency;
			package = BED78D242B6E412F00158E6C /* XCRemoteSwiftPackageReference "RxSwift" */;
			productName = RxBlocking;
		};
		BED78D272B6E412F00158E6C /* RxBlocking-Dynamic */ = {
			isa = XCSwiftPackageProductDependency;
			package = BED78D242B6E412F00158E6C /* XCRemoteSwiftPackageReference "RxSwift" */;
			productName = "RxBlocking-Dynamic";
		};
		BED78D292B6E412F00158E6C /* RxCocoa */ = {
			isa = XCSwiftPackageProductDependency;
			package = BED78D242B6E412F00158E6C /* XCRemoteSwiftPackageReference "RxSwift" */;
			productName = RxCocoa;
		};
		BED78D2B2B6E412F00158E6C /* RxCocoa-Dynamic */ = {
			isa = XCSwiftPackageProductDependency;
			package = BED78D242B6E412F00158E6C /* XCRemoteSwiftPackageReference "RxSwift" */;
			productName = "RxCocoa-Dynamic";
		};
		BED78D2D2B6E412F00158E6C /* RxRelay */ = {
			isa = XCSwiftPackageProductDependency;
			package = BED78D242B6E412F00158E6C /* XCRemoteSwiftPackageReference "RxSwift" */;
			productName = RxRelay;
		};
		BED78D2F2B6E412F00158E6C /* RxRelay-Dynamic */ = {
			isa = XCSwiftPackageProductDependency;
			package = BED78D242B6E412F00158E6C /* XCRemoteSwiftPackageReference "RxSwift" */;
			productName = "RxRelay-Dynamic";
		};
		BED78D312B6E412F00158E6C /* RxSwift */ = {
			isa = XCSwiftPackageProductDependency;
			package = BED78D242B6E412F00158E6C /* XCRemoteSwiftPackageReference "RxSwift" */;
			productName = RxSwift;
		};
		BED78D332B6E412F00158E6C /* RxSwift-Dynamic */ = {
			isa = XCSwiftPackageProductDependency;
			package = BED78D242B6E412F00158E6C /* XCRemoteSwiftPackageReference "RxSwift" */;
			productName = "RxSwift-Dynamic";
		};
/* End XCSwiftPackageProductDependency section */
	};
	rootObject = BED78D012B6E336A00158E6C /* Project object */;
}
